// !$*UTF8*$!
{
	archiveVersion = 1;
	classes = {
	};
	objectVersion = 46;
	objects = {

/* Begin PBXBuildFile section */
		BD1AD3C71A98398F009CD8EF /* main.m in Sources */ = {isa = PBXBuildFile; fileRef = BD1AD3C61A98398F009CD8EF /* main.m */; };
		BD1AD3CA1A98398F009CD8EF /* AppDelegate.m in Sources */ = {isa = PBXBuildFile; fileRef = BD1AD3C91A98398F009CD8EF /* AppDelegate.m */; };
		BD1AD3D31A98398F009CD8EF /* Main.storyboard in Resources */ = {isa = PBXBuildFile; fileRef = BD1AD3D11A98398F009CD8EF /* Main.storyboard */; };
		BD1AD3D51A98398F009CD8EF /* Images.xcassets in Resources */ = {isa = PBXBuildFile; fileRef = BD1AD3D41A98398F009CD8EF /* Images.xcassets */; };
		BD1AD3D81A98398F009CD8EF /* LaunchScreen.xib in Resources */ = {isa = PBXBuildFile; fileRef = BD1AD3D61A98398F009CD8EF /* LaunchScreen.xib */; };
		BD1AD3E41A98398F009CD8EF /* XinranReadingGroupTests.m in Sources */ = {isa = PBXBuildFile; fileRef = BD1AD3E31A98398F009CD8EF /* XinranReadingGroupTests.m */; };
/* End PBXBuildFile section */

/* Begin PBXContainerItemProxy section */
		BD1AD3DE1A98398F009CD8EF /* PBXContainerItemProxy */ = {
			isa = PBXContainerItemProxy;
			containerPortal = BD1AD3B91A98398F009CD8EF /* Project object */;
			proxyType = 1;
			remoteGlobalIDString = BD1AD3C01A98398F009CD8EF;
			remoteInfo = XinranReadingGroup;
		};
/* End PBXContainerItemProxy section */

/* Begin PBXFileReference section */
		BD1AD3C11A98398F009CD8EF /* XinranReadingGroup.app */ = {isa = PBXFileReference; explicitFileType = wrapper.application; includeInIndex = 0; path = XinranReadingGroup.app; sourceTree = BUILT_PRODUCTS_DIR; };
		BD1AD3C51A98398F009CD8EF /* Info.plist */ = {isa = PBXFileReference; lastKnownFileType = text.plist.xml; path = Info.plist; sourceTree = "<group>"; };
		BD1AD3C61A98398F009CD8EF /* main.m */ = {isa = PBXFileReference; lastKnownFileType = sourcecode.c.objc; path = main.m; sourceTree = "<group>"; };
		BD1AD3C81A98398F009CD8EF /* AppDelegate.h */ = {isa = PBXFileReference; lastKnownFileType = sourcecode.c.h; path = AppDelegate.h; sourceTree = "<group>"; };
		BD1AD3C91A98398F009CD8EF /* AppDelegate.m */ = {isa = PBXFileReference; lastKnownFileType = sourcecode.c.objc; path = AppDelegate.m; sourceTree = "<group>"; };
		BD1AD3D21A98398F009CD8EF /* Base */ = {isa = PBXFileReference; lastKnownFileType = file.storyboard; name = Base; path = Base.lproj/Main.storyboard; sourceTree = "<group>"; };
		BD1AD3D41A98398F009CD8EF /* Images.xcassets */ = {isa = PBXFileReference; lastKnownFileType = folder.assetcatalog; path = Images.xcassets; sourceTree = "<group>"; };
		BD1AD3D71A98398F009CD8EF /* Base */ = {isa = PBXFileReference; lastKnownFileType = file.xib; name = Base; path = Base.lproj/LaunchScreen.xib; sourceTree = "<group>"; };
		BD1AD3DD1A98398F009CD8EF /* XinranReadingGroupTests.xctest */ = {isa = PBXFileReference; explicitFileType = wrapper.cfbundle; includeInIndex = 0; path = XinranReadingGroupTests.xctest; sourceTree = BUILT_PRODUCTS_DIR; };
		BD1AD3E21A98398F009CD8EF /* Info.plist */ = {isa = PBXFileReference; lastKnownFileType = text.plist.xml; path = Info.plist; sourceTree = "<group>"; };
		BD1AD3E31A98398F009CD8EF /* XinranReadingGroupTests.m */ = {isa = PBXFileReference; lastKnownFileType = sourcecode.c.objc; path = XinranReadingGroupTests.m; sourceTree = "<group>"; };
/* End PBXFileReference section */

/* Begin PBXFrameworksBuildPhase section */
		BD1AD3BE1A98398F009CD8EF /* Frameworks */ = {
			isa = PBXFrameworksBuildPhase;
			buildActionMask = 2147483647;
			files = (
			);
			runOnlyForDeploymentPostprocessing = 0;
		};
		BD1AD3DA1A98398F009CD8EF /* Frameworks */ = {
			isa = PBXFrameworksBuildPhase;
			buildActionMask = 2147483647;
			files = (
			);
			runOnlyForDeploymentPostprocessing = 0;
		};
/* End PBXFrameworksBuildPhase section */

/* Begin PBXGroup section */
		BD1AD3B81A98398F009CD8EF = {
			isa = PBXGroup;
			children = (
				BD1AD3C31A98398F009CD8EF /* XinranReadingGroup */,
				BD1AD3E01A98398F009CD8EF /* XinranReadingGroupTests */,
				BD1AD3C21A98398F009CD8EF /* Products */,
			);
			sourceTree = "<group>";
		};
		BD1AD3C21A98398F009CD8EF /* Products */ = {
			isa = PBXGroup;
			children = (
				BD1AD3C11A98398F009CD8EF /* XinranReadingGroup.app */,
				BD1AD3DD1A98398F009CD8EF /* XinranReadingGroupTests.xctest */,
			);
			name = Products;
			sourceTree = "<group>";
		};
		BD1AD3C31A98398F009CD8EF /* XinranReadingGroup */ = {
			isa = PBXGroup;
			children = (
				BD1AD3C81A98398F009CD8EF /* AppDelegate.h */,
				BD1AD3C91A98398F009CD8EF /* AppDelegate.m */,
				BD1AD3D11A98398F009CD8EF /* Main.storyboard */,
				BD1AD3D41A98398F009CD8EF /* Images.xcassets */,
				BD1AD3D61A98398F009CD8EF /* LaunchScreen.xib */,
				BD1AD3C41A98398F009CD8EF /* Supporting Files */,
			);
			path = XinranReadingGroup;
			sourceTree = "<group>";
		};
		BD1AD3C41A98398F009CD8EF /* Supporting Files */ = {
			isa = PBXGroup;
			children = (
				BD1AD3C51A98398F009CD8EF /* Info.plist */,
				BD1AD3C61A98398F009CD8EF /* main.m */,
			);
			name = "Supporting Files";
			sourceTree = "<group>";
		};
		BD1AD3E01A98398F009CD8EF /* XinranReadingGroupTests */ = {
			isa = PBXGroup;
			children = (
				BD1AD3E31A98398F009CD8EF /* XinranReadingGroupTests.m */,
				BD1AD3E11A98398F009CD8EF /* Supporting Files */,
			);
			path = XinranReadingGroupTests;
			sourceTree = "<group>";
		};
		BD1AD3E11A98398F009CD8EF /* Supporting Files */ = {
			isa = PBXGroup;
			children = (
				BD1AD3E21A98398F009CD8EF /* Info.plist */,
			);
			name = "Supporting Files";
			sourceTree = "<group>";
		};
/* End PBXGroup section */

/* Begin PBXNativeTarget section */
		BD1AD3C01A98398F009CD8EF /* XinranReadingGroup */ = {
			isa = PBXNativeTarget;
			buildConfigurationList = BD1AD3E71A98398F009CD8EF /* Build configuration list for PBXNativeTarget "XinranReadingGroup" */;
			buildPhases = (
				BD1AD3BD1A98398F009CD8EF /* Sources */,
				BD1AD3BE1A98398F009CD8EF /* Frameworks */,
				BD1AD3BF1A98398F009CD8EF /* Resources */,
			);
			buildRules = (
			);
			dependencies = (
			);
			name = XinranReadingGroup;
			productName = XinranReadingGroup;
			productReference = BD1AD3C11A98398F009CD8EF /* XinranReadingGroup.app */;
			productType = "com.apple.product-type.application";
		};
		BD1AD3DC1A98398F009CD8EF /* XinranReadingGroupTests */ = {
			isa = PBXNativeTarget;
			buildConfigurationList = BD1AD3EA1A98398F009CD8EF /* Build configuration list for PBXNativeTarget "XinranReadingGroupTests" */;
			buildPhases = (
				BD1AD3D91A98398F009CD8EF /* Sources */,
				BD1AD3DA1A98398F009CD8EF /* Frameworks */,
				BD1AD3DB1A98398F009CD8EF /* Resources */,
			);
			buildRules = (
			);
			dependencies = (
				BD1AD3DF1A98398F009CD8EF /* PBXTargetDependency */,
			);
			name = XinranReadingGroupTests;
			productName = XinranReadingGroupTests;
			productReference = BD1AD3DD1A98398F009CD8EF /* XinranReadingGroupTests.xctest */;
			productType = "com.apple.product-type.bundle.unit-test";
		};
/* End PBXNativeTarget section */

/* Begin PBXProject section */
		BD1AD3B91A98398F009CD8EF /* Project object */ = {
			isa = PBXProject;
			attributes = {
				LastUpgradeCheck = 0610;
				ORGANIZATIONNAME = SnowWolf;
				TargetAttributes = {
					BD1AD3C01A98398F009CD8EF = {
						CreatedOnToolsVersion = 6.1;
					};
					BD1AD3DC1A98398F009CD8EF = {
						CreatedOnToolsVersion = 6.1;
						TestTargetID = BD1AD3C01A98398F009CD8EF;
					};
				};
			};
			buildConfigurationList = BD1AD3BC1A98398F009CD8EF /* Build configuration list for PBXProject "XinranReadingGroup" */;
			compatibilityVersion = "Xcode 3.2";
			developmentRegion = English;
			hasScannedForEncodings = 0;
			knownRegions = (
				en,
				Base,
			);
			mainGroup = BD1AD3B81A98398F009CD8EF;
			productRefGroup = BD1AD3C21A98398F009CD8EF /* Products */;
			projectDirPath = "";
			projectRoot = "";
			targets = (
				BD1AD3C01A98398F009CD8EF /* XinranReadingGroup */,
				BD1AD3DC1A98398F009CD8EF /* XinranReadingGroupTests */,
			);
		};
/* End PBXProject section */

/* Begin PBXResourcesBuildPhase section */
		BD1AD3BF1A98398F009CD8EF /* Resources */ = {
			isa = PBXResourcesBuildPhase;
			buildActionMask = 2147483647;
			files = (
				BD1AD3D31A98398F009CD8EF /* Main.storyboard in Resources */,
				BD1AD3D81A98398F009CD8EF /* LaunchScreen.xib in Resources */,
				BD1AD3D51A98398F009CD8EF /* Images.xcassets in Resources */,
			);
			runOnlyForDeploymentPostprocessing = 0;
		};
		BD1AD3DB1A98398F009CD8EF /* Resources */ = {
			isa = PBXResourcesBuildPhase;
			buildActionMask = 2147483647;
			files = (
			);
			runOnlyForDeploymentPostprocessing = 0;
		};
/* End PBXResourcesBuildPhase section */

/* Begin PBXSourcesBuildPhase section */
		BD1AD3BD1A98398F009CD8EF /* Sources */ = {
			isa = PBXSourcesBuildPhase;
			buildActionMask = 2147483647;
			files = (
				BD1AD3CA1A98398F009CD8EF /* AppDelegate.m in Sources */,
				BD1AD3C71A98398F009CD8EF /* main.m in Sources */,
			);
			runOnlyForDeploymentPostprocessing = 0;
		};
		BD1AD3D91A98398F009CD8EF /* Sources */ = {
			isa = PBXSourcesBuildPhase;
			buildActionMask = 2147483647;
			files = (
				BD1AD3E41A98398F009CD8EF /* XinranReadingGroupTests.m in Sources */,
			);
			runOnlyForDeploymentPostprocessing = 0;
		};
/* End PBXSourcesBuildPhase section */

/* Begin PBXTargetDependency section */
		BD1AD3DF1A98398F009CD8EF /* PBXTargetDependency */ = {
			isa = PBXTargetDependency;
			target = BD1AD3C01A98398F009CD8EF /* XinranReadingGroup */;
			targetProxy = BD1AD3DE1A98398F009CD8EF /* PBXContainerItemProxy */;
		};
/* End PBXTargetDependency section */

/* Begin PBXVariantGroup section */
		BD1AD3D11A98398F009CD8EF /* Main.storyboard */ = {
			isa = PBXVariantGroup;
			children = (
				BD1AD3D21A98398F009CD8EF /* Base */,
			);
			name = Main.storyboard;
			sourceTree = "<group>";
		};
		BD1AD3D61A98398F009CD8EF /* LaunchScreen.xib */ = {
			isa = PBXVariantGroup;
			children = (
				BD1AD3D71A98398F009CD8EF /* Base */,
			);
			name = LaunchScreen.xib;
			sourceTree = "<group>";
		};
/* End PBXVariantGroup section */

/* Begin XCBuildConfiguration section */
		BD1AD3E51A98398F009CD8EF /* Debug */ = {
			isa = XCBuildConfiguration;
			buildSettings = {
				ALWAYS_SEARCH_USER_PATHS = NO;
				CLANG_CXX_LANGUAGE_STANDARD = "gnu++0x";
				CLANG_CXX_LIBRARY = "libc++";
				CLANG_ENABLE_MODULES = YES;
				CLANG_ENABLE_OBJC_ARC = YES;
				CLANG_WARN_BOOL_CONVERSION = YES;
				CLANG_WARN_CONSTANT_CONVERSION = YES;
				CLANG_WARN_DIRECT_OBJC_ISA_USAGE = YES_ERROR;
				CLANG_WARN_EMPTY_BODY = YES;
				CLANG_WARN_ENUM_CONVERSION = YES;
				CLANG_WARN_INT_CONVERSION = YES;
				CLANG_WARN_OBJC_ROOT_CLASS = YES_ERROR;
				CLANG_WARN_UNREACHABLE_CODE = YES;
				CLANG_WARN__DUPLICATE_METHOD_MATCH = YES;
				"CODE_SIGN_IDENTITY[sdk=iphoneos*]" = "iPhone Developer";
				COPY_PHASE_STRIP = NO;
				ENABLE_STRICT_OBJC_MSGSEND = YES;
				GCC_C_LANGUAGE_STANDARD = gnu99;
				GCC_DYNAMIC_NO_PIC = NO;
				GCC_OPTIMIZATION_LEVEL = 0;
				GCC_PREPROCESSOR_DEFINITIONS = (
					"DEBUG=1",
					"$(inherited)",
				);
				GCC_SYMBOLS_PRIVATE_EXTERN = NO;
				GCC_WARN_64_TO_32_BIT_CONVERSION = YES;
				GCC_WARN_ABOUT_RETURN_TYPE = YES_ERROR;
				GCC_WARN_UNDECLARED_SELECTOR = YES;
				GCC_WARN_UNINITIALIZED_AUTOS = YES_AGGRESSIVE;
				GCC_WARN_UNUSED_FUNCTION = YES;
				GCC_WARN_UNUSED_VARIABLE = YES;
				IPHONEOS_DEPLOYMENT_TARGET = 8.1;
				MTL_ENABLE_DEBUG_INFO = YES;
				ONLY_ACTIVE_ARCH = YES;
				SDKROOT = iphoneos;
			};
			name = Debug;
		};
		BD1AD3E61A98398F009CD8EF /* Release */ = {
			isa = XCBuildConfiguration;
			buildSettings = {
				ALWAYS_SEARCH_USER_PATHS = NO;
				CLANG_CXX_LANGUAGE_STANDARD = "gnu++0x";
				CLANG_CXX_LIBRARY = "libc++";
				CLANG_ENABLE_MODULES = YES;
				CLANG_ENABLE_OBJC_ARC = YES;
				CLANG_WARN_BOOL_CONVERSION = YES;
				CLANG_WARN_CONSTANT_CONVERSION = YES;
				CLANG_WARN_DIRECT_OBJC_ISA_USAGE = YES_ERROR;
				CLANG_WARN_EMPTY_BODY = YES;
				CLANG_WARN_ENUM_CONVERSION = YES;
				CLANG_WARN_INT_CONVERSION = YES;
				CLANG_WARN_OBJC_ROOT_CLASS = YES_ERROR;
				CLANG_WARN_UNREACHABLE_CODE = YES;
				CLANG_WARN__DUPLICATE_METHOD_MATCH = YES;
				"CODE_SIGN_IDENTITY[sdk=iphoneos*]" = "iPhone Developer";
				COPY_PHASE_STRIP = YES;
				ENABLE_NS_ASSERTIONS = NO;
				ENABLE_STRICT_OBJC_MSGSEND = YES;
				GCC_C_LANGUAGE_STANDARD = gnu99;
				GCC_WARN_64_TO_32_BIT_CONVERSION = YES;
				GCC_WARN_ABOUT_RETURN_TYPE = YES_ERROR;
				GCC_WARN_UNDECLARED_SELECTOR = YES;
				GCC_WARN_UNINITIALIZED_AUTOS = YES_AGGRESSIVE;
				GCC_WARN_UNUSED_FUNCTION = YES;
				GCC_WARN_UNUSED_VARIABLE = YES;
				IPHONEOS_DEPLOYMENT_TARGET = 8.1;
				MTL_ENABLE_DEBUG_INFO = NO;
				SDKROOT = iphoneos;
				VALIDATE_PRODUCT = YES;
			};
			name = Release;
		};
		BD1AD3E81A98398F009CD8EF /* Debug */ = {
			isa = XCBuildConfiguration;
			buildSettings = {
				ASSETCATALOG_COMPILER_APPICON_NAME = AppIcon;
				INFOPLIST_FILE = XinranReadingGroup/Info.plist;
				LD_RUNPATH_SEARCH_PATHS = "$(inherited) @executable_path/Frameworks";
				PRODUCT_NAME = "$(TARGET_NAME)";
			};
			name = Debug;
		};
		BD1AD3E91A98398F009CD8EF /* Release */ = {
			isa = XCBuildConfiguration;
			buildSettings = {
				ASSETCATALOG_COMPILER_APPICON_NAME = AppIcon;
				INFOPLIST_FILE = XinranReadingGroup/Info.plist;
				LD_RUNPATH_SEARCH_PATHS = "$(inherited) @executable_path/Frameworks";
				PRODUCT_NAME = "$(TARGET_NAME)";
			};
			name = Release;
		};
		BD1AD3EB1A98398F009CD8EF /* Debug */ = {
			isa = XCBuildConfiguration;
			buildSettings = {
				BUNDLE_LOADER = "$(TEST_HOST)";
				FRAMEWORK_SEARCH_PATHS = (
					"$(SDKROOT)/Developer/Library/Frameworks",
					"$(inherited)",
				);
				GCC_PREPROCESSOR_DEFINITIONS = (
					"DEBUG=1",
					"$(inherited)",
				);
				INFOPLIST_FILE = XinranReadingGroupTests/Info.plist;
				LD_RUNPATH_SEARCH_PATHS = "$(inherited) @executable_path/Frameworks @loader_path/Frameworks";
				PRODUCT_NAME = "$(TARGET_NAME)";
				TEST_HOST = "$(BUILT_PRODUCTS_DIR)/XinranReadingGroup.app/XinranReadingGroup";
			};
			name = Debug;
		};
		BD1AD3EC1A98398F009CD8EF /* Release */ = {
			isa = XCBuildConfiguration;
			buildSettings = {
				BUNDLE_LOADER = "$(TEST_HOST)";
				FRAMEWORK_SEARCH_PATHS = (
					"$(SDKROOT)/Developer/Library/Frameworks",
					"$(inherited)",
				);
				INFOPLIST_FILE = XinranReadingGroupTests/Info.plist;
				LD_RUNPATH_SEARCH_PATHS = "$(inherited) @executable_path/Frameworks @loader_path/Frameworks";
				PRODUCT_NAME = "$(TARGET_NAME)";
				TEST_HOST = "$(BUILT_PRODUCTS_DIR)/XinranReadingGroup.app/XinranReadingGroup";
			};
			name = Release;
		};
/* End XCBuildConfiguration section */

/* Begin XCConfigurationList section */
		BD1AD3BC1A98398F009CD8EF /* Build configuration list for PBXProject "XinranReadingGroup" */ = {
			isa = XCConfigurationList;
			buildConfigurations = (
				BD1AD3E51A98398F009CD8EF /* Debug */,
				BD1AD3E61A98398F009CD8EF /* Release */,
			);
			defaultConfigurationIsVisible = 0;
			defaultConfigurationName = Release;
		};
		BD1AD3E71A98398F009CD8EF /* Build configuration list for PBXNativeTarget "XinranReadingGroup" */ = {
			isa = XCConfigurationList;
			buildConfigurations = (
				BD1AD3E81A98398F009CD8EF /* Debug */,
				BD1AD3E91A98398F009CD8EF /* Release */,
			);
			defaultConfigurationIsVisible = 0;
		};
		BD1AD3EA1A98398F009CD8EF /* Build configuration list for PBXNativeTarget "XinranReadingGroupTests" */ = {
			isa = XCConfigurationList;
			buildConfigurations = (
				BD1AD3EB1A98398F009CD8EF /* Debug */,
				BD1AD3EC1A98398F009CD8EF /* Release */,
			);
			defaultConfigurationIsVisible = 0;
		};
/* End XCConfigurationList section */
	};
	rootObject = BD1AD3B91A98398F009CD8EF /* Project object */;
}
