// !$*UTF8*$!
{
	archiveVersion = 1;
	classes = {
	};
	objectVersion = 46;
	objects = {

/* Begin PBXBuildFile section */
		09060F831B08725A003C69EF /* XRBorrowedBookDetaiViewController.m in Sources */ = {isa = PBXBuildFile; fileRef = 09060F821B08725A003C69EF /* XRBorrowedBookDetaiViewController.m */; };
		09060F861B087782003C69EF /* XRSharedBookDetailController.m in Sources */ = {isa = PBXBuildFile; fileRef = 09060F851B087782003C69EF /* XRSharedBookDetailController.m */; };
		09060F891B0887BF003C69EF /* XRQRViewController.m in Sources */ = {isa = PBXBuildFile; fileRef = 09060F881B0887BF003C69EF /* XRQRViewController.m */; };
		09060F8B1B088CE9003C69EF /* AVFoundation.framework in Frameworks */ = {isa = PBXBuildFile; fileRef = 09060F8A1B088CE9003C69EF /* AVFoundation.framework */; };
		0988B4B61B0D9BC50004DFD8 /* XRBookInfoCell.xib in Resources */ = {isa = PBXBuildFile; fileRef = 0988B4B51B0D9BC50004DFD8 /* XRBookInfoCell.xib */; };
		0988B4B91B0D9BEC0004DFD8 /* XRResultBaseViewController.m in Sources */ = {isa = PBXBuildFile; fileRef = 0988B4B81B0D9BEC0004DFD8 /* XRResultBaseViewController.m */; };
		0992FA6F1B0DFBF1009CD369 /* XRBookInfoCell.m in Sources */ = {isa = PBXBuildFile; fileRef = 0992FA6E1B0DFBF1009CD369 /* XRBookInfoCell.m */; };
		0992FA721B0E0D41009CD369 /* XRBookRecordEntity.m in Sources */ = {isa = PBXBuildFile; fileRef = 0992FA711B0E0D41009CD369 /* XRBookRecordEntity.m */; };
		0992FA751B0E1119009CD369 /* XRBookDetailEntity.m in Sources */ = {isa = PBXBuildFile; fileRef = 0992FA741B0E1119009CD369 /* XRBookDetailEntity.m */; };
		09DAD4941B0AF903007F92D7 /* XRBorrowResultViewController.m in Sources */ = {isa = PBXBuildFile; fileRef = 09DAD4931B0AF903007F92D7 /* XRBorrowResultViewController.m */; };
		09DC13311AD39BB500CE8277 /* LaunchScreen.xib in Resources */ = {isa = PBXBuildFile; fileRef = 09DC132F1AD39BB500CE8277 /* LaunchScreen.xib */; };
		09DC13321AD39BB500CE8277 /* Main.storyboard in Resources */ = {isa = PBXBuildFile; fileRef = 09DC13301AD39BB500CE8277 /* Main.storyboard */; };
		09DC13381AD39D7700CE8277 /* AppDelegate.m in Sources */ = {isa = PBXBuildFile; fileRef = 09DC13351AD39D7700CE8277 /* AppDelegate.m */; };
		09DC13391AD39D7700CE8277 /* Info.plist in Resources */ = {isa = PBXBuildFile; fileRef = 09DC13361AD39D7700CE8277 /* Info.plist */; };
		09DC133A1AD39D7700CE8277 /* main.m in Sources */ = {isa = PBXBuildFile; fileRef = 09DC13371AD39D7700CE8277 /* main.m */; };
		09DC133D1AD39E4100CE8277 /* XRLoginWelcomeViewController.m in Sources */ = {isa = PBXBuildFile; fileRef = 09DC133C1AD39E4100CE8277 /* XRLoginWelcomeViewController.m */; };
		09DC13401AD39F3600CE8277 /* XRLoginViewController.m in Sources */ = {isa = PBXBuildFile; fileRef = 09DC133F1AD39F3600CE8277 /* XRLoginViewController.m */; };
		09DC13431AD39F4A00CE8277 /* XRRegisterViewController.m in Sources */ = {isa = PBXBuildFile; fileRef = 09DC13421AD39F4A00CE8277 /* XRRegisterViewController.m */; };
		09E39C941B089F8700A443AC /* XRBookQRViewController.m in Sources */ = {isa = PBXBuildFile; fileRef = 09E39C931B089F8700A443AC /* XRBookQRViewController.m */; };
		723490C7CD67731F0837F029 /* XRNetworkErrorAssistant.m in Sources */ = {isa = PBXBuildFile; fileRef = 72349E888B55E3230AF52AFA /* XRNetworkErrorAssistant.m */; };
		7234919271CA1F3253A64FAE /* AppDelegate+XRSetup.m in Sources */ = {isa = PBXBuildFile; fileRef = 72349D99E2FD9E76AEC99DF6 /* AppDelegate+XRSetup.m */; };
		723491E59D0C39670D9238B0 /* XRUserProfile.m in Sources */ = {isa = PBXBuildFile; fileRef = 72349577E7C2340F253B4DBB /* XRUserProfile.m */; };
		723497AD33EC6F46277486D1 /* XRNetwork+Token.m in Sources */ = {isa = PBXBuildFile; fileRef = 723493823B37038BD12BD629 /* XRNetwork+Token.m */; };
		72349AABBDE4A909A565D634 /* XRTools.m in Sources */ = {isa = PBXBuildFile; fileRef = 72349D7B0E9E480D7B52EFF4 /* XRTools.m */; };
		7891585EFE832474BD8026FB /* libPods-XinranReadingGroup.a in Frameworks */ = {isa = PBXBuildFile; fileRef = D3A7825FC0CCCB556B087379 /* libPods-XinranReadingGroup.a */; };
		9870E0601DA24E29004F31EE /* XRDonateRelationViewController.m in Sources */ = {isa = PBXBuildFile; fileRef = 9870E05F1DA24E29004F31EE /* XRDonateRelationViewController.m */; };
		9879A6CD1DEA8F2A00645583 /* XRProfileEditViewController.m in Sources */ = {isa = PBXBuildFile; fileRef = 9879A6CB1DEA8F2A00645583 /* XRProfileEditViewController.m */; };
		9879A6CE1DEA8F2A00645583 /* XRProfileEditViewController.xib in Resources */ = {isa = PBXBuildFile; fileRef = 9879A6CC1DEA8F2A00645583 /* XRProfileEditViewController.xib */; };
		9879A6D21DEB2E3700645583 /* XRFeedbackViewController.m in Sources */ = {isa = PBXBuildFile; fileRef = 9879A6D01DEB2E3700645583 /* XRFeedbackViewController.m */; };
		9879A6D31DEB2E3700645583 /* XRFeedbackViewController.xib in Resources */ = {isa = PBXBuildFile; fileRef = 9879A6D11DEB2E3700645583 /* XRFeedbackViewController.xib */; };
		98BAE6EB1DA63F0300D8A3BB /* XRProfileViewController.m in Sources */ = {isa = PBXBuildFile; fileRef = 98BAE6EA1DA63F0300D8A3BB /* XRProfileViewController.m */; };
		98BAE6EE1DA6411900D8A3BB /* XRProfileDetailCell.m in Sources */ = {isa = PBXBuildFile; fileRef = 98BAE6ED1DA6411900D8A3BB /* XRProfileDetailCell.m */; };
		BD0D91CA1BF37C1D006E722B /* XRShareBookCollectionViewController.m in Sources */ = {isa = PBXBuildFile; fileRef = BD0D91C91BF37C1D006E722B /* XRShareBookCollectionViewController.m */; };
		BD10B3D31C0343DB00944045 /* XRBorrowRecordViewController.m in Sources */ = {isa = PBXBuildFile; fileRef = BD10B3D21C0343DB00944045 /* XRBorrowRecordViewController.m */; };
		BD10B3D61C03442700944045 /* XRBorrowRecordCell.m in Sources */ = {isa = PBXBuildFile; fileRef = BD10B3D51C03442700944045 /* XRBorrowRecordCell.m */; };
		BD1AD3D51A98398F009CD8EF /* Images.xcassets in Resources */ = {isa = PBXBuildFile; fileRef = BD1AD3D41A98398F009CD8EF /* Images.xcassets */; };
		BD1D63E61ADFFF8100CCE363 /* XRShareAssistant.m in Sources */ = {isa = PBXBuildFile; fileRef = BD1D63E51ADFFF8100CCE363 /* XRShareAssistant.m */; };
		BD1D64041AE006D200CCE363 /* UMSocialLocalizable.strings in Resources */ = {isa = PBXBuildFile; fileRef = BD1D63EA1AE006D200CCE363 /* UMSocialLocalizable.strings */; };
		BD1D64051AE006D200CCE363 /* libUMSocial_Sdk_4.2.2.a in Frameworks */ = {isa = PBXBuildFile; fileRef = BD1D63F81AE006D200CCE363 /* libUMSocial_Sdk_4.2.2.a */; };
		BD1D64061AE006D300CCE363 /* UMSCommentDetailController.xib in Resources */ = {isa = PBXBuildFile; fileRef = BD1D63FA1AE006D200CCE363 /* UMSCommentDetailController.xib */; };
		BD1D64071AE006D300CCE363 /* UMSCommentInputController.xib in Resources */ = {isa = PBXBuildFile; fileRef = BD1D63FB1AE006D200CCE363 /* UMSCommentInputController.xib */; };
		BD1D64081AE006D300CCE363 /* UMSCommentInputControlleriPad.xib in Resources */ = {isa = PBXBuildFile; fileRef = BD1D63FC1AE006D200CCE363 /* UMSCommentInputControlleriPad.xib */; };
		BD1D64091AE006D300CCE363 /* UMShareEditViewController.xib in Resources */ = {isa = PBXBuildFile; fileRef = BD1D63FD1AE006D200CCE363 /* UMShareEditViewController.xib */; };
		BD1D640A1AE006D300CCE363 /* UMShareEditViewControlleriPad.xib in Resources */ = {isa = PBXBuildFile; fileRef = BD1D63FE1AE006D200CCE363 /* UMShareEditViewControlleriPad.xib */; };
		BD1D640B1AE006D300CCE363 /* UMSLoginViewController.xib in Resources */ = {isa = PBXBuildFile; fileRef = BD1D63FF1AE006D200CCE363 /* UMSLoginViewController.xib */; };
		BD1D640C1AE006D300CCE363 /* UMSnsAccountViewController.xib in Resources */ = {isa = PBXBuildFile; fileRef = BD1D64001AE006D200CCE363 /* UMSnsAccountViewController.xib */; };
		BD1D640D1AE006D300CCE363 /* UMSShareListController.xib in Resources */ = {isa = PBXBuildFile; fileRef = BD1D64011AE006D200CCE363 /* UMSShareListController.xib */; };
		BD1D640E1AE006D300CCE363 /* UMSocialSDKResourcesNew.bundle in Resources */ = {isa = PBXBuildFile; fileRef = BD1D64021AE006D200CCE363 /* UMSocialSDKResourcesNew.bundle */; };
		BD2810BF1AE3AB6C006D551B /* XRSearchListCell.m in Sources */ = {isa = PBXBuildFile; fileRef = BD2810BE1AE3AB6C006D551B /* XRSearchListCell.m */; };
		BD41EBD41B16936E003A04BA /* XRDonateResultViewController.m in Sources */ = {isa = PBXBuildFile; fileRef = BD41EBD31B16936E003A04BA /* XRDonateResultViewController.m */; };
		BD72727C1C107A0B00509D4D /* XRBookDetailHeaderView.m in Sources */ = {isa = PBXBuildFile; fileRef = BD72727B1C107A0B00509D4D /* XRBookDetailHeaderView.m */; };
		BD72727E1C107A1800509D4D /* XRBookDetailHeaderView.xib in Resources */ = {isa = PBXBuildFile; fileRef = BD72727D1C107A1800509D4D /* XRBookDetailHeaderView.xib */; };
		BD7AD9801BC103210083C59F /* XRShareResultViewController.m in Sources */ = {isa = PBXBuildFile; fileRef = BD7AD97F1BC103210083C59F /* XRShareResultViewController.m */; };
		BD7AD9831BC14A270083C59F /* XRBorrowBookQRViewController.m in Sources */ = {isa = PBXBuildFile; fileRef = BD7AD9821BC14A270083C59F /* XRBorrowBookQRViewController.m */; };
		BD7AD9861BC150720083C59F /* XRReturnBookQRViewController.m in Sources */ = {isa = PBXBuildFile; fileRef = BD7AD9851BC150720083C59F /* XRReturnBookQRViewController.m */; };
		BD8DFE0F1AE00DE3003FAF06 /* XRSetupAssistant.m in Sources */ = {isa = PBXBuildFile; fileRef = BD8DFE0E1AE00DE3003FAF06 /* XRSetupAssistant.m */; };
		BD8DFE131AE00E60003FAF06 /* XRMoreTableViewController.m in Sources */ = {isa = PBXBuildFile; fileRef = BD8DFE121AE00E60003FAF06 /* XRMoreTableViewController.m */; };
		BD8DFE191AE3A75E003FAF06 /* XRSearchViewController.m in Sources */ = {isa = PBXBuildFile; fileRef = BD8DFE181AE3A75E003FAF06 /* XRSearchViewController.m */; };
		BD8E393D1B0226BD00AF1CFD /* XRBookDetailInfoCell.m in Sources */ = {isa = PBXBuildFile; fileRef = BD8E393C1B0226BD00AF1CFD /* XRBookDetailInfoCell.m */; };
		BD8E39401B0226D700AF1CFD /* XRBookDetailContentCell.m in Sources */ = {isa = PBXBuildFile; fileRef = BD8E393F1B0226D700AF1CFD /* XRBookDetailContentCell.m */; };
		BD8E39431B0226E800AF1CFD /* XRBookDetailPublisherCell.m in Sources */ = {isa = PBXBuildFile; fileRef = BD8E39421B0226E800AF1CFD /* XRBookDetailPublisherCell.m */; };
		BD8E39461B0226FD00AF1CFD /* XRBookDetailDonatorCell.m in Sources */ = {isa = PBXBuildFile; fileRef = BD8E39451B0226FD00AF1CFD /* XRBookDetailDonatorCell.m */; };
		BD9506351C62440900A78864 /* XRBookOwnerEntity.m in Sources */ = {isa = PBXBuildFile; fileRef = BD9506341C62440900A78864 /* XRBookOwnerEntity.m */; };
		BDA01D9F1BD369FA004E6304 /* XRBookCollectionViewCell.m in Sources */ = {isa = PBXBuildFile; fileRef = BDA01D9E1BD369FA004E6304 /* XRBookCollectionViewCell.m */; };
		BDA01DA21BD383B5004E6304 /* XRBookCollectionViewController.m in Sources */ = {isa = PBXBuildFile; fileRef = BDA01DA11BD383B5004E6304 /* XRBookCollectionViewController.m */; };
		BDA01DA51BD39295004E6304 /* XRDonateBookCollectionViewController.m in Sources */ = {isa = PBXBuildFile; fileRef = BDA01DA41BD39295004E6304 /* XRDonateBookCollectionViewController.m */; };
		BDA023631DEDC19100549DD3 /* XRAboutViewController.m in Sources */ = {isa = PBXBuildFile; fileRef = BDA023621DEDC19100549DD3 /* XRAboutViewController.m */; };
		BDAD882F1E0C064900A5257D /* XRAddressListViewController.m in Sources */ = {isa = PBXBuildFile; fileRef = BDAD882E1E0C064900A5257D /* XRAddressListViewController.m */; };
		BDAD88321E0C15EF00A5257D /* XRAddressEntity.m in Sources */ = {isa = PBXBuildFile; fileRef = BDAD88311E0C15EF00A5257D /* XRAddressEntity.m */; };
		BDAD88351E0C18B300A5257D /* XRAddressService.m in Sources */ = {isa = PBXBuildFile; fileRef = BDAD88341E0C18B300A5257D /* XRAddressService.m */; };
		BDB1AD211BC2121B009BB273 /* XRMyViewController.m in Sources */ = {isa = PBXBuildFile; fileRef = BDB1AD201BC2121B009BB273 /* XRMyViewController.m */; };
		BDB1AD261BC2131E009BB273 /* XRMyProfileCell.m in Sources */ = {isa = PBXBuildFile; fileRef = BDB1AD251BC2131E009BB273 /* XRMyProfileCell.m */; };
		BDB1AD2E1BC2654E009BB273 /* XRUserService.m in Sources */ = {isa = PBXBuildFile; fileRef = BDB1AD2D1BC2654E009BB273 /* XRUserService.m */; };
		BDB847371BEF3D6300561D62 /* XRMockTool.m in Sources */ = {isa = PBXBuildFile; fileRef = BDB847361BEF3D6300561D62 /* XRMockTool.m */; };
		BDBDB7D11AD967A800977A37 /* XRBookListItemEntity.m in Sources */ = {isa = PBXBuildFile; fileRef = BDBDB7D01AD967A800977A37 /* XRBookListItemEntity.m */; };
		BDBDB7D41AD97FFA00977A37 /* XRBookListEntity.m in Sources */ = {isa = PBXBuildFile; fileRef = BDBDB7D31AD97FFA00977A37 /* XRBookListEntity.m */; };
		BDC7B8E31BB6D3EB00687B68 /* UIButton+XRButton.m in Sources */ = {isa = PBXBuildFile; fileRef = BDC7B8E21BB6D3EB00687B68 /* UIButton+XRButton.m */; };
		BDC7B8F11BBA747400687B68 /* XREditBookInfoViewController.m in Sources */ = {isa = PBXBuildFile; fileRef = BDC7B8F01BBA747400687B68 /* XREditBookInfoViewController.m */; };
		BDE0063C1B162A2B00FBC8DB /* XRDonateViewController.m in Sources */ = {isa = PBXBuildFile; fileRef = BDE0063B1B162A2B00FBC8DB /* XRDonateViewController.m */; };
		BDE1B5C21B739A220077310D /* XRReturnBookResultViewController.m in Sources */ = {isa = PBXBuildFile; fileRef = BDE1B5C11B739A220077310D /* XRReturnBookResultViewController.m */; };
		BDE691F11AD4173C00F5E5AB /* XRLoginService.m in Sources */ = {isa = PBXBuildFile; fileRef = BDE691F01AD4173C00F5E5AB /* XRLoginService.m */; };
		BDE691F61AD4A9FF00F5E5AB /* XRUser.m in Sources */ = {isa = PBXBuildFile; fileRef = BDE691F51AD4A9FF00F5E5AB /* XRUser.m */; };
		BDE691FA1AD4B12A00F5E5AB /* XRNetwork.m in Sources */ = {isa = PBXBuildFile; fileRef = BDE691F91AD4B12A00F5E5AB /* XRNetwork.m */; };
		BDE691FD1AD8F65400F5E5AB /* XRLoginBiz.m in Sources */ = {isa = PBXBuildFile; fileRef = BDE691FC1AD8F65400F5E5AB /* XRLoginBiz.m */; };
		BDE692031AD8FFA900F5E5AB /* XRTabbarController.m in Sources */ = {isa = PBXBuildFile; fileRef = BDE692021AD8FFA900F5E5AB /* XRTabbarController.m */; };
		BDE692091AD907E700F5E5AB /* XRHomeViewController.m in Sources */ = {isa = PBXBuildFile; fileRef = BDE692081AD907E700F5E5AB /* XRHomeViewController.m */; };
		BDE6920C1AD92B6B00F5E5AB /* XREntity.m in Sources */ = {isa = PBXBuildFile; fileRef = BDE6920B1AD92B6B00F5E5AB /* XREntity.m */; };
		BDE6920F1AD92B8500F5E5AB /* XRBookEntity.m in Sources */ = {isa = PBXBuildFile; fileRef = BDE6920E1AD92B8500F5E5AB /* XRBookEntity.m */; };
		BDE692151AD953E400F5E5AB /* XRBookService.m in Sources */ = {isa = PBXBuildFile; fileRef = BDE692141AD953E400F5E5AB /* XRBookService.m */; };
		BDE692181AD963DF00F5E5AB /* XRSearchBiz.m in Sources */ = {isa = PBXBuildFile; fileRef = BDE692171AD963DF00F5E5AB /* XRSearchBiz.m */; };
		BDEB8D0C1BB69EEF0072EB6C /* XRQRViewController+ExtraFunction.m in Sources */ = {isa = PBXBuildFile; fileRef = BDEB8D0B1BB69EEF0072EB6C /* XRQRViewController+ExtraFunction.m */; };
		BDF003D71C060C2300D5AE7D /* XRPointExchangeCell.m in Sources */ = {isa = PBXBuildFile; fileRef = BDF003D61C060C2300D5AE7D /* XRPointExchangeCell.m */; };
		BDF003DA1C060C3800D5AE7D /* XRMemberPointViewController.m in Sources */ = {isa = PBXBuildFile; fileRef = BDF003D91C060C3800D5AE7D /* XRMemberPointViewController.m */; };
		BDF1E7C81BDCCDD0004730B7 /* BookCollectionView.xib in Resources */ = {isa = PBXBuildFile; fileRef = BDF1E7C71BDCCDD0004730B7 /* BookCollectionView.xib */; };
		BDFB0ABE1AFA58F800F2C738 /* XRBookDetailBaseViewController.m in Sources */ = {isa = PBXBuildFile; fileRef = BDFB0ABD1AFA58F800F2C738 /* XRBookDetailBaseViewController.m */; };
		BDFB0AC11AFA595300F2C738 /* XRBookDetailBiz.m in Sources */ = {isa = PBXBuildFile; fileRef = BDFB0AC01AFA595300F2C738 /* XRBookDetailBiz.m */; };
/* End PBXBuildFile section */

/* Begin PBXContainerItemProxy section */
		BD1AD3DE1A98398F009CD8EF /* PBXContainerItemProxy */ = {
			isa = PBXContainerItemProxy;
			containerPortal = BD1AD3B91A98398F009CD8EF /* Project object */;
			proxyType = 1;
			remoteGlobalIDString = BD1AD3C01A98398F009CD8EF;
			remoteInfo = XinranReadingGroup;
		};
/* End PBXContainerItemProxy section */

/* Begin PBXFileReference section */
		09060F811B08725A003C69EF /* XRBorrowedBookDetaiViewController.h */ = {isa = PBXFileReference; fileEncoding = 4; lastKnownFileType = sourcecode.c.h; path = XRBorrowedBookDetaiViewController.h; sourceTree = "<group>"; };
		09060F821B08725A003C69EF /* XRBorrowedBookDetaiViewController.m */ = {isa = PBXFileReference; fileEncoding = 4; lastKnownFileType = sourcecode.c.objc; path = XRBorrowedBookDetaiViewController.m; sourceTree = "<group>"; };
		09060F841B087782003C69EF /* XRSharedBookDetailController.h */ = {isa = PBXFileReference; fileEncoding = 4; lastKnownFileType = sourcecode.c.h; path = XRSharedBookDetailController.h; sourceTree = "<group>"; };
		09060F851B087782003C69EF /* XRSharedBookDetailController.m */ = {isa = PBXFileReference; fileEncoding = 4; lastKnownFileType = sourcecode.c.objc; path = XRSharedBookDetailController.m; sourceTree = "<group>"; };
		09060F871B0887BF003C69EF /* XRQRViewController.h */ = {isa = PBXFileReference; fileEncoding = 4; lastKnownFileType = sourcecode.c.h; path = XRQRViewController.h; sourceTree = "<group>"; };
		09060F881B0887BF003C69EF /* XRQRViewController.m */ = {isa = PBXFileReference; fileEncoding = 4; lastKnownFileType = sourcecode.c.objc; path = XRQRViewController.m; sourceTree = "<group>"; };
		09060F8A1B088CE9003C69EF /* AVFoundation.framework */ = {isa = PBXFileReference; lastKnownFileType = wrapper.framework; name = AVFoundation.framework; path = System/Library/Frameworks/AVFoundation.framework; sourceTree = SDKROOT; };
		0988B4B51B0D9BC50004DFD8 /* XRBookInfoCell.xib */ = {isa = PBXFileReference; fileEncoding = 4; lastKnownFileType = file.xib; path = XRBookInfoCell.xib; sourceTree = "<group>"; };
		0988B4B71B0D9BEC0004DFD8 /* XRResultBaseViewController.h */ = {isa = PBXFileReference; fileEncoding = 4; lastKnownFileType = sourcecode.c.h; path = XRResultBaseViewController.h; sourceTree = "<group>"; };
		0988B4B81B0D9BEC0004DFD8 /* XRResultBaseViewController.m */ = {isa = PBXFileReference; fileEncoding = 4; lastKnownFileType = sourcecode.c.objc; path = XRResultBaseViewController.m; sourceTree = "<group>"; };
		0992FA6D1B0DFBF1009CD369 /* XRBookInfoCell.h */ = {isa = PBXFileReference; fileEncoding = 4; lastKnownFileType = sourcecode.c.h; path = XRBookInfoCell.h; sourceTree = "<group>"; };
		0992FA6E1B0DFBF1009CD369 /* XRBookInfoCell.m */ = {isa = PBXFileReference; fileEncoding = 4; lastKnownFileType = sourcecode.c.objc; path = XRBookInfoCell.m; sourceTree = "<group>"; };
		0992FA701B0E0D41009CD369 /* XRBookRecordEntity.h */ = {isa = PBXFileReference; fileEncoding = 4; lastKnownFileType = sourcecode.c.h; path = XRBookRecordEntity.h; sourceTree = "<group>"; };
		0992FA711B0E0D41009CD369 /* XRBookRecordEntity.m */ = {isa = PBXFileReference; fileEncoding = 4; lastKnownFileType = sourcecode.c.objc; path = XRBookRecordEntity.m; sourceTree = "<group>"; };
		0992FA731B0E1119009CD369 /* XRBookDetailEntity.h */ = {isa = PBXFileReference; fileEncoding = 4; lastKnownFileType = sourcecode.c.h; path = XRBookDetailEntity.h; sourceTree = "<group>"; };
		0992FA741B0E1119009CD369 /* XRBookDetailEntity.m */ = {isa = PBXFileReference; fileEncoding = 4; lastKnownFileType = sourcecode.c.objc; path = XRBookDetailEntity.m; sourceTree = "<group>"; };
		09DAD4921B0AF903007F92D7 /* XRBorrowResultViewController.h */ = {isa = PBXFileReference; fileEncoding = 4; lastKnownFileType = sourcecode.c.h; path = XRBorrowResultViewController.h; sourceTree = "<group>"; };
		09DAD4931B0AF903007F92D7 /* XRBorrowResultViewController.m */ = {isa = PBXFileReference; fileEncoding = 4; lastKnownFileType = sourcecode.c.objc; path = XRBorrowResultViewController.m; sourceTree = "<group>"; };
		09DC132F1AD39BB500CE8277 /* LaunchScreen.xib */ = {isa = PBXFileReference; fileEncoding = 4; lastKnownFileType = file.xib; path = LaunchScreen.xib; sourceTree = "<group>"; };
		09DC13301AD39BB500CE8277 /* Main.storyboard */ = {isa = PBXFileReference; fileEncoding = 4; lastKnownFileType = file.storyboard; path = Main.storyboard; sourceTree = "<group>"; };
		09DC13341AD39D7700CE8277 /* AppDelegate.h */ = {isa = PBXFileReference; fileEncoding = 4; lastKnownFileType = sourcecode.c.h; path = AppDelegate.h; sourceTree = "<group>"; };
		09DC13351AD39D7700CE8277 /* AppDelegate.m */ = {isa = PBXFileReference; fileEncoding = 4; lastKnownFileType = sourcecode.c.objc; path = AppDelegate.m; sourceTree = "<group>"; };
		09DC13361AD39D7700CE8277 /* Info.plist */ = {isa = PBXFileReference; fileEncoding = 4; lastKnownFileType = text.plist.xml; path = Info.plist; sourceTree = "<group>"; };
		09DC13371AD39D7700CE8277 /* main.m */ = {isa = PBXFileReference; fileEncoding = 4; lastKnownFileType = sourcecode.c.objc; path = main.m; sourceTree = "<group>"; };
		09DC133B1AD39E4100CE8277 /* XRLoginWelcomeViewController.h */ = {isa = PBXFileReference; fileEncoding = 4; lastKnownFileType = sourcecode.c.h; path = XRLoginWelcomeViewController.h; sourceTree = "<group>"; };
		09DC133C1AD39E4100CE8277 /* XRLoginWelcomeViewController.m */ = {isa = PBXFileReference; fileEncoding = 4; lastKnownFileType = sourcecode.c.objc; path = XRLoginWelcomeViewController.m; sourceTree = "<group>"; };
		09DC133E1AD39F3600CE8277 /* XRLoginViewController.h */ = {isa = PBXFileReference; fileEncoding = 4; lastKnownFileType = sourcecode.c.h; path = XRLoginViewController.h; sourceTree = "<group>"; };
		09DC133F1AD39F3600CE8277 /* XRLoginViewController.m */ = {isa = PBXFileReference; fileEncoding = 4; lastKnownFileType = sourcecode.c.objc; path = XRLoginViewController.m; sourceTree = "<group>"; };
		09DC13411AD39F4A00CE8277 /* XRRegisterViewController.h */ = {isa = PBXFileReference; fileEncoding = 4; lastKnownFileType = sourcecode.c.h; path = XRRegisterViewController.h; sourceTree = "<group>"; };
		09DC13421AD39F4A00CE8277 /* XRRegisterViewController.m */ = {isa = PBXFileReference; fileEncoding = 4; lastKnownFileType = sourcecode.c.objc; path = XRRegisterViewController.m; sourceTree = "<group>"; };
		09E39C921B089F8700A443AC /* XRBookQRViewController.h */ = {isa = PBXFileReference; fileEncoding = 4; lastKnownFileType = sourcecode.c.h; path = XRBookQRViewController.h; sourceTree = "<group>"; };
		09E39C931B089F8700A443AC /* XRBookQRViewController.m */ = {isa = PBXFileReference; fileEncoding = 4; lastKnownFileType = sourcecode.c.objc; path = XRBookQRViewController.m; sourceTree = "<group>"; };
		723493823B37038BD12BD629 /* XRNetwork+Token.m */ = {isa = PBXFileReference; fileEncoding = 4; lastKnownFileType = sourcecode.c.objc; path = "XRNetwork+Token.m"; sourceTree = "<group>"; };
		723493C508AD77EF7F443977 /* XRNetwork+Token.h */ = {isa = PBXFileReference; fileEncoding = 4; lastKnownFileType = sourcecode.c.h; path = "XRNetwork+Token.h"; sourceTree = "<group>"; };
		72349446914F6F8E8E400166 /* XRNetworkErrorAssistant.h */ = {isa = PBXFileReference; fileEncoding = 4; lastKnownFileType = sourcecode.c.h; path = XRNetworkErrorAssistant.h; sourceTree = "<group>"; };
		72349577E7C2340F253B4DBB /* XRUserProfile.m */ = {isa = PBXFileReference; fileEncoding = 4; lastKnownFileType = sourcecode.c.objc; path = XRUserProfile.m; sourceTree = "<group>"; };
		7234961464069054EC01A046 /* XRTools.h */ = {isa = PBXFileReference; fileEncoding = 4; lastKnownFileType = sourcecode.c.h; path = XRTools.h; sourceTree = "<group>"; };
		723497B2F055A1969277936A /* AppDelegate+XRSetup.h */ = {isa = PBXFileReference; fileEncoding = 4; lastKnownFileType = sourcecode.c.h; path = "AppDelegate+XRSetup.h"; sourceTree = "<group>"; };
		72349907DBD119B6F701C713 /* XRUserProfile.h */ = {isa = PBXFileReference; fileEncoding = 4; lastKnownFileType = sourcecode.c.h; path = XRUserProfile.h; sourceTree = "<group>"; };
		72349D7B0E9E480D7B52EFF4 /* XRTools.m */ = {isa = PBXFileReference; fileEncoding = 4; lastKnownFileType = sourcecode.c.objc; path = XRTools.m; sourceTree = "<group>"; };
		72349D99E2FD9E76AEC99DF6 /* AppDelegate+XRSetup.m */ = {isa = PBXFileReference; fileEncoding = 4; lastKnownFileType = sourcecode.c.objc; path = "AppDelegate+XRSetup.m"; sourceTree = "<group>"; };
		72349E888B55E3230AF52AFA /* XRNetworkErrorAssistant.m */ = {isa = PBXFileReference; fileEncoding = 4; lastKnownFileType = sourcecode.c.objc; path = XRNetworkErrorAssistant.m; sourceTree = "<group>"; };
		7CD61AF8E93BF66FB8CCC5E1 /* Pods-XinranReadingGroup.release.xcconfig */ = {isa = PBXFileReference; includeInIndex = 1; lastKnownFileType = text.xcconfig; name = "Pods-XinranReadingGroup.release.xcconfig"; path = "Pods/Target Support Files/Pods-XinranReadingGroup/Pods-XinranReadingGroup.release.xcconfig"; sourceTree = "<group>"; };
		9870E05E1DA24E29004F31EE /* XRDonateRelationViewController.h */ = {isa = PBXFileReference; fileEncoding = 4; lastKnownFileType = sourcecode.c.h; path = XRDonateRelationViewController.h; sourceTree = "<group>"; };
		9870E05F1DA24E29004F31EE /* XRDonateRelationViewController.m */ = {isa = PBXFileReference; fileEncoding = 4; lastKnownFileType = sourcecode.c.objc; path = XRDonateRelationViewController.m; sourceTree = "<group>"; };
		9879A6CA1DEA8F2A00645583 /* XRProfileEditViewController.h */ = {isa = PBXFileReference; fileEncoding = 4; lastKnownFileType = sourcecode.c.h; path = XRProfileEditViewController.h; sourceTree = "<group>"; };
		9879A6CB1DEA8F2A00645583 /* XRProfileEditViewController.m */ = {isa = PBXFileReference; fileEncoding = 4; lastKnownFileType = sourcecode.c.objc; path = XRProfileEditViewController.m; sourceTree = "<group>"; };
		9879A6CC1DEA8F2A00645583 /* XRProfileEditViewController.xib */ = {isa = PBXFileReference; fileEncoding = 4; lastKnownFileType = file.xib; path = XRProfileEditViewController.xib; sourceTree = "<group>"; };
		9879A6CF1DEB2E3700645583 /* XRFeedbackViewController.h */ = {isa = PBXFileReference; fileEncoding = 4; lastKnownFileType = sourcecode.c.h; path = XRFeedbackViewController.h; sourceTree = "<group>"; };
		9879A6D01DEB2E3700645583 /* XRFeedbackViewController.m */ = {isa = PBXFileReference; fileEncoding = 4; lastKnownFileType = sourcecode.c.objc; path = XRFeedbackViewController.m; sourceTree = "<group>"; };
		9879A6D11DEB2E3700645583 /* XRFeedbackViewController.xib */ = {isa = PBXFileReference; fileEncoding = 4; lastKnownFileType = file.xib; path = XRFeedbackViewController.xib; sourceTree = "<group>"; };
		98BAE6E91DA63F0300D8A3BB /* XRProfileViewController.h */ = {isa = PBXFileReference; fileEncoding = 4; lastKnownFileType = sourcecode.c.h; path = XRProfileViewController.h; sourceTree = "<group>"; };
		98BAE6EA1DA63F0300D8A3BB /* XRProfileViewController.m */ = {isa = PBXFileReference; fileEncoding = 4; lastKnownFileType = sourcecode.c.objc; path = XRProfileViewController.m; sourceTree = "<group>"; };
		98BAE6EC1DA6411900D8A3BB /* XRProfileDetailCell.h */ = {isa = PBXFileReference; fileEncoding = 4; lastKnownFileType = sourcecode.c.h; path = XRProfileDetailCell.h; sourceTree = "<group>"; };
		98BAE6ED1DA6411900D8A3BB /* XRProfileDetailCell.m */ = {isa = PBXFileReference; fileEncoding = 4; lastKnownFileType = sourcecode.c.objc; path = XRProfileDetailCell.m; sourceTree = "<group>"; };
		BD0D91C81BF37C1D006E722B /* XRShareBookCollectionViewController.h */ = {isa = PBXFileReference; fileEncoding = 4; lastKnownFileType = sourcecode.c.h; path = XRShareBookCollectionViewController.h; sourceTree = "<group>"; };
		BD0D91C91BF37C1D006E722B /* XRShareBookCollectionViewController.m */ = {isa = PBXFileReference; fileEncoding = 4; lastKnownFileType = sourcecode.c.objc; path = XRShareBookCollectionViewController.m; sourceTree = "<group>"; };
		BD10B3D11C0343DB00944045 /* XRBorrowRecordViewController.h */ = {isa = PBXFileReference; fileEncoding = 4; lastKnownFileType = sourcecode.c.h; path = XRBorrowRecordViewController.h; sourceTree = "<group>"; };
		BD10B3D21C0343DB00944045 /* XRBorrowRecordViewController.m */ = {isa = PBXFileReference; fileEncoding = 4; lastKnownFileType = sourcecode.c.objc; path = XRBorrowRecordViewController.m; sourceTree = "<group>"; };
		BD10B3D41C03442700944045 /* XRBorrowRecordCell.h */ = {isa = PBXFileReference; fileEncoding = 4; lastKnownFileType = sourcecode.c.h; path = XRBorrowRecordCell.h; sourceTree = "<group>"; };
		BD10B3D51C03442700944045 /* XRBorrowRecordCell.m */ = {isa = PBXFileReference; fileEncoding = 4; lastKnownFileType = sourcecode.c.objc; path = XRBorrowRecordCell.m; sourceTree = "<group>"; };
		BD1AD3C11A98398F009CD8EF /* XinranReadingGroup.app */ = {isa = PBXFileReference; explicitFileType = wrapper.application; includeInIndex = 0; path = XinranReadingGroup.app; sourceTree = BUILT_PRODUCTS_DIR; };
		BD1AD3D41A98398F009CD8EF /* Images.xcassets */ = {isa = PBXFileReference; lastKnownFileType = folder.assetcatalog; path = Images.xcassets; sourceTree = "<group>"; };
		BD1AD3DD1A98398F009CD8EF /* XinranReadingGroupTests.xctest */ = {isa = PBXFileReference; explicitFileType = wrapper.cfbundle; includeInIndex = 0; path = XinranReadingGroupTests.xctest; sourceTree = BUILT_PRODUCTS_DIR; };
		BD1AD3E21A98398F009CD8EF /* Info.plist */ = {isa = PBXFileReference; lastKnownFileType = text.plist.xml; path = Info.plist; sourceTree = "<group>"; };
		BD1AD3E31A98398F009CD8EF /* XinranReadingGroupTests.m */ = {isa = PBXFileReference; lastKnownFileType = sourcecode.c.objc; path = XinranReadingGroupTests.m; sourceTree = "<group>"; };
		BD1D63E41ADFFF8100CCE363 /* XRShareAssistant.h */ = {isa = PBXFileReference; fileEncoding = 4; lastKnownFileType = sourcecode.c.h; path = XRShareAssistant.h; sourceTree = "<group>"; };
		BD1D63E51ADFFF8100CCE363 /* XRShareAssistant.m */ = {isa = PBXFileReference; fileEncoding = 4; lastKnownFileType = sourcecode.c.objc; path = XRShareAssistant.m; sourceTree = "<group>"; };
		BD1D63EB1AE006D200CCE363 /* en */ = {isa = PBXFileReference; lastKnownFileType = text.plist.strings; name = en; path = en.lproj/UMSocialLocalizable.strings; sourceTree = "<group>"; };
		BD1D63ED1AE006D200CCE363 /* UMSocial.h */ = {isa = PBXFileReference; fileEncoding = 4; lastKnownFileType = sourcecode.c.h; path = UMSocial.h; sourceTree = "<group>"; };
		BD1D63EE1AE006D200CCE363 /* UMSocialAccountManager.h */ = {isa = PBXFileReference; fileEncoding = 4; lastKnownFileType = sourcecode.c.h; path = UMSocialAccountManager.h; sourceTree = "<group>"; };
		BD1D63EF1AE006D200CCE363 /* UMSocialBar.h */ = {isa = PBXFileReference; fileEncoding = 4; lastKnownFileType = sourcecode.c.h; path = UMSocialBar.h; sourceTree = "<group>"; };
		BD1D63F01AE006D200CCE363 /* UMSocialConfig.h */ = {isa = PBXFileReference; fileEncoding = 4; lastKnownFileType = sourcecode.c.h; path = UMSocialConfig.h; sourceTree = "<group>"; };
		BD1D63F11AE006D200CCE363 /* UMSocialControllerService.h */ = {isa = PBXFileReference; fileEncoding = 4; lastKnownFileType = sourcecode.c.h; path = UMSocialControllerService.h; sourceTree = "<group>"; };
		BD1D63F21AE006D200CCE363 /* UMSocialControllerServiceComment.h */ = {isa = PBXFileReference; fileEncoding = 4; lastKnownFileType = sourcecode.c.h; path = UMSocialControllerServiceComment.h; sourceTree = "<group>"; };
		BD1D63F31AE006D200CCE363 /* UMSocialData.h */ = {isa = PBXFileReference; fileEncoding = 4; lastKnownFileType = sourcecode.c.h; path = UMSocialData.h; sourceTree = "<group>"; };
		BD1D63F41AE006D200CCE363 /* UMSocialDataService.h */ = {isa = PBXFileReference; fileEncoding = 4; lastKnownFileType = sourcecode.c.h; path = UMSocialDataService.h; sourceTree = "<group>"; };
		BD1D63F51AE006D200CCE363 /* UMSocialSnsData.h */ = {isa = PBXFileReference; fileEncoding = 4; lastKnownFileType = sourcecode.c.h; path = UMSocialSnsData.h; sourceTree = "<group>"; };
		BD1D63F61AE006D200CCE363 /* UMSocialSnsPlatformManager.h */ = {isa = PBXFileReference; fileEncoding = 4; lastKnownFileType = sourcecode.c.h; path = UMSocialSnsPlatformManager.h; sourceTree = "<group>"; };
		BD1D63F71AE006D200CCE363 /* UMSocialSnsService.h */ = {isa = PBXFileReference; fileEncoding = 4; lastKnownFileType = sourcecode.c.h; path = UMSocialSnsService.h; sourceTree = "<group>"; };
		BD1D63F81AE006D200CCE363 /* libUMSocial_Sdk_4.2.2.a */ = {isa = PBXFileReference; lastKnownFileType = archive.ar; path = libUMSocial_Sdk_4.2.2.a; sourceTree = "<group>"; };
		BD1D63FA1AE006D200CCE363 /* UMSCommentDetailController.xib */ = {isa = PBXFileReference; fileEncoding = 4; lastKnownFileType = file.xib; path = UMSCommentDetailController.xib; sourceTree = "<group>"; };
		BD1D63FB1AE006D200CCE363 /* UMSCommentInputController.xib */ = {isa = PBXFileReference; fileEncoding = 4; lastKnownFileType = file.xib; path = UMSCommentInputController.xib; sourceTree = "<group>"; };
		BD1D63FC1AE006D200CCE363 /* UMSCommentInputControlleriPad.xib */ = {isa = PBXFileReference; fileEncoding = 4; lastKnownFileType = file.xib; path = UMSCommentInputControlleriPad.xib; sourceTree = "<group>"; };
		BD1D63FD1AE006D200CCE363 /* UMShareEditViewController.xib */ = {isa = PBXFileReference; fileEncoding = 4; lastKnownFileType = file.xib; path = UMShareEditViewController.xib; sourceTree = "<group>"; };
		BD1D63FE1AE006D200CCE363 /* UMShareEditViewControlleriPad.xib */ = {isa = PBXFileReference; fileEncoding = 4; lastKnownFileType = file.xib; path = UMShareEditViewControlleriPad.xib; sourceTree = "<group>"; };
		BD1D63FF1AE006D200CCE363 /* UMSLoginViewController.xib */ = {isa = PBXFileReference; fileEncoding = 4; lastKnownFileType = file.xib; path = UMSLoginViewController.xib; sourceTree = "<group>"; };
		BD1D64001AE006D200CCE363 /* UMSnsAccountViewController.xib */ = {isa = PBXFileReference; fileEncoding = 4; lastKnownFileType = file.xib; path = UMSnsAccountViewController.xib; sourceTree = "<group>"; };
		BD1D64011AE006D200CCE363 /* UMSShareListController.xib */ = {isa = PBXFileReference; fileEncoding = 4; lastKnownFileType = file.xib; path = UMSShareListController.xib; sourceTree = "<group>"; };
		BD1D64021AE006D200CCE363 /* UMSocialSDKResourcesNew.bundle */ = {isa = PBXFileReference; lastKnownFileType = "wrapper.plug-in"; path = UMSocialSDKResourcesNew.bundle; sourceTree = "<group>"; };
		BD1D64031AE006D200CCE363 /* zh-Hans */ = {isa = PBXFileReference; lastKnownFileType = text.plist.strings; name = "zh-Hans"; path = "zh-Hans.lproj/UMSocialLocalizable.strings"; sourceTree = "<group>"; };
		BD2810BD1AE3AB6C006D551B /* XRSearchListCell.h */ = {isa = PBXFileReference; fileEncoding = 4; lastKnownFileType = sourcecode.c.h; path = XRSearchListCell.h; sourceTree = "<group>"; };
		BD2810BE1AE3AB6C006D551B /* XRSearchListCell.m */ = {isa = PBXFileReference; fileEncoding = 4; lastKnownFileType = sourcecode.c.objc; path = XRSearchListCell.m; sourceTree = "<group>"; };
		BD3B0EEC1BBB8495006C0A92 /* XRCommonDefine.h */ = {isa = PBXFileReference; lastKnownFileType = sourcecode.c.h; path = XRCommonDefine.h; sourceTree = "<group>"; };
		BD4069471C14216A0090E322 /* XinranReadingGroup.pch */ = {isa = PBXFileReference; lastKnownFileType = sourcecode.c.h; path = XinranReadingGroup.pch; sourceTree = "<group>"; };
		BD41EBD21B16936E003A04BA /* XRDonateResultViewController.h */ = {isa = PBXFileReference; fileEncoding = 4; lastKnownFileType = sourcecode.c.h; path = XRDonateResultViewController.h; sourceTree = "<group>"; };
		BD41EBD31B16936E003A04BA /* XRDonateResultViewController.m */ = {isa = PBXFileReference; fileEncoding = 4; lastKnownFileType = sourcecode.c.objc; path = XRDonateResultViewController.m; sourceTree = "<group>"; };
		BD72727A1C107A0B00509D4D /* XRBookDetailHeaderView.h */ = {isa = PBXFileReference; fileEncoding = 4; lastKnownFileType = sourcecode.c.h; path = XRBookDetailHeaderView.h; sourceTree = "<group>"; };
		BD72727B1C107A0B00509D4D /* XRBookDetailHeaderView.m */ = {isa = PBXFileReference; fileEncoding = 4; lastKnownFileType = sourcecode.c.objc; path = XRBookDetailHeaderView.m; sourceTree = "<group>"; };
		BD72727D1C107A1800509D4D /* XRBookDetailHeaderView.xib */ = {isa = PBXFileReference; fileEncoding = 4; lastKnownFileType = file.xib; path = XRBookDetailHeaderView.xib; sourceTree = "<group>"; };
		BD7AD97E1BC103210083C59F /* XRShareResultViewController.h */ = {isa = PBXFileReference; fileEncoding = 4; lastKnownFileType = sourcecode.c.h; path = XRShareResultViewController.h; sourceTree = "<group>"; };
		BD7AD97F1BC103210083C59F /* XRShareResultViewController.m */ = {isa = PBXFileReference; fileEncoding = 4; lastKnownFileType = sourcecode.c.objc; path = XRShareResultViewController.m; sourceTree = "<group>"; };
		BD7AD9811BC14A270083C59F /* XRBorrowBookQRViewController.h */ = {isa = PBXFileReference; fileEncoding = 4; lastKnownFileType = sourcecode.c.h; path = XRBorrowBookQRViewController.h; sourceTree = "<group>"; };
		BD7AD9821BC14A270083C59F /* XRBorrowBookQRViewController.m */ = {isa = PBXFileReference; fileEncoding = 4; lastKnownFileType = sourcecode.c.objc; path = XRBorrowBookQRViewController.m; sourceTree = "<group>"; };
		BD7AD9841BC150720083C59F /* XRReturnBookQRViewController.h */ = {isa = PBXFileReference; fileEncoding = 4; lastKnownFileType = sourcecode.c.h; path = XRReturnBookQRViewController.h; sourceTree = "<group>"; };
		BD7AD9851BC150720083C59F /* XRReturnBookQRViewController.m */ = {isa = PBXFileReference; fileEncoding = 4; lastKnownFileType = sourcecode.c.objc; path = XRReturnBookQRViewController.m; sourceTree = "<group>"; };
		BD8DFE0D1AE00DE3003FAF06 /* XRSetupAssistant.h */ = {isa = PBXFileReference; fileEncoding = 4; lastKnownFileType = sourcecode.c.h; path = XRSetupAssistant.h; sourceTree = "<group>"; };
		BD8DFE0E1AE00DE3003FAF06 /* XRSetupAssistant.m */ = {isa = PBXFileReference; fileEncoding = 4; lastKnownFileType = sourcecode.c.objc; path = XRSetupAssistant.m; sourceTree = "<group>"; };
		BD8DFE111AE00E60003FAF06 /* XRMoreTableViewController.h */ = {isa = PBXFileReference; fileEncoding = 4; lastKnownFileType = sourcecode.c.h; path = XRMoreTableViewController.h; sourceTree = "<group>"; };
		BD8DFE121AE00E60003FAF06 /* XRMoreTableViewController.m */ = {isa = PBXFileReference; fileEncoding = 4; lastKnownFileType = sourcecode.c.objc; path = XRMoreTableViewController.m; sourceTree = "<group>"; };
		BD8DFE171AE3A75E003FAF06 /* XRSearchViewController.h */ = {isa = PBXFileReference; fileEncoding = 4; lastKnownFileType = sourcecode.c.h; path = XRSearchViewController.h; sourceTree = "<group>"; };
		BD8DFE181AE3A75E003FAF06 /* XRSearchViewController.m */ = {isa = PBXFileReference; fileEncoding = 4; lastKnownFileType = sourcecode.c.objc; path = XRSearchViewController.m; sourceTree = "<group>"; };
		BD8E393B1B0226BD00AF1CFD /* XRBookDetailInfoCell.h */ = {isa = PBXFileReference; fileEncoding = 4; lastKnownFileType = sourcecode.c.h; path = XRBookDetailInfoCell.h; sourceTree = "<group>"; };
		BD8E393C1B0226BD00AF1CFD /* XRBookDetailInfoCell.m */ = {isa = PBXFileReference; fileEncoding = 4; lastKnownFileType = sourcecode.c.objc; path = XRBookDetailInfoCell.m; sourceTree = "<group>"; };
		BD8E393E1B0226D700AF1CFD /* XRBookDetailContentCell.h */ = {isa = PBXFileReference; fileEncoding = 4; lastKnownFileType = sourcecode.c.h; path = XRBookDetailContentCell.h; sourceTree = "<group>"; };
		BD8E393F1B0226D700AF1CFD /* XRBookDetailContentCell.m */ = {isa = PBXFileReference; fileEncoding = 4; lastKnownFileType = sourcecode.c.objc; path = XRBookDetailContentCell.m; sourceTree = "<group>"; };
		BD8E39411B0226E800AF1CFD /* XRBookDetailPublisherCell.h */ = {isa = PBXFileReference; fileEncoding = 4; lastKnownFileType = sourcecode.c.h; path = XRBookDetailPublisherCell.h; sourceTree = "<group>"; };
		BD8E39421B0226E800AF1CFD /* XRBookDetailPublisherCell.m */ = {isa = PBXFileReference; fileEncoding = 4; lastKnownFileType = sourcecode.c.objc; path = XRBookDetailPublisherCell.m; sourceTree = "<group>"; };
		BD8E39441B0226FD00AF1CFD /* XRBookDetailDonatorCell.h */ = {isa = PBXFileReference; fileEncoding = 4; lastKnownFileType = sourcecode.c.h; path = XRBookDetailDonatorCell.h; sourceTree = "<group>"; };
		BD8E39451B0226FD00AF1CFD /* XRBookDetailDonatorCell.m */ = {isa = PBXFileReference; fileEncoding = 4; lastKnownFileType = sourcecode.c.objc; path = XRBookDetailDonatorCell.m; sourceTree = "<group>"; };
		BD9506331C62440900A78864 /* XRBookOwnerEntity.h */ = {isa = PBXFileReference; fileEncoding = 4; lastKnownFileType = sourcecode.c.h; path = XRBookOwnerEntity.h; sourceTree = "<group>"; };
		BD9506341C62440900A78864 /* XRBookOwnerEntity.m */ = {isa = PBXFileReference; fileEncoding = 4; lastKnownFileType = sourcecode.c.objc; path = XRBookOwnerEntity.m; sourceTree = "<group>"; };
		BDA01D9D1BD369FA004E6304 /* XRBookCollectionViewCell.h */ = {isa = PBXFileReference; fileEncoding = 4; lastKnownFileType = sourcecode.c.h; path = XRBookCollectionViewCell.h; sourceTree = "<group>"; };
		BDA01D9E1BD369FA004E6304 /* XRBookCollectionViewCell.m */ = {isa = PBXFileReference; fileEncoding = 4; lastKnownFileType = sourcecode.c.objc; path = XRBookCollectionViewCell.m; sourceTree = "<group>"; };
		BDA01DA01BD383B5004E6304 /* XRBookCollectionViewController.h */ = {isa = PBXFileReference; fileEncoding = 4; lastKnownFileType = sourcecode.c.h; path = XRBookCollectionViewController.h; sourceTree = "<group>"; };
		BDA01DA11BD383B5004E6304 /* XRBookCollectionViewController.m */ = {isa = PBXFileReference; fileEncoding = 4; lastKnownFileType = sourcecode.c.objc; path = XRBookCollectionViewController.m; sourceTree = "<group>"; };
		BDA01DA31BD39295004E6304 /* XRDonateBookCollectionViewController.h */ = {isa = PBXFileReference; fileEncoding = 4; lastKnownFileType = sourcecode.c.h; path = XRDonateBookCollectionViewController.h; sourceTree = "<group>"; };
		BDA01DA41BD39295004E6304 /* XRDonateBookCollectionViewController.m */ = {isa = PBXFileReference; fileEncoding = 4; lastKnownFileType = sourcecode.c.objc; path = XRDonateBookCollectionViewController.m; sourceTree = "<group>"; };
		BDA023611DEDC19100549DD3 /* XRAboutViewController.h */ = {isa = PBXFileReference; fileEncoding = 4; lastKnownFileType = sourcecode.c.h; path = XRAboutViewController.h; sourceTree = "<group>"; };
		BDA023621DEDC19100549DD3 /* XRAboutViewController.m */ = {isa = PBXFileReference; fileEncoding = 4; lastKnownFileType = sourcecode.c.objc; path = XRAboutViewController.m; sourceTree = "<group>"; };
		BDAD882D1E0C064900A5257D /* XRAddressListViewController.h */ = {isa = PBXFileReference; fileEncoding = 4; lastKnownFileType = sourcecode.c.h; path = XRAddressListViewController.h; sourceTree = "<group>"; };
		BDAD882E1E0C064900A5257D /* XRAddressListViewController.m */ = {isa = PBXFileReference; fileEncoding = 4; lastKnownFileType = sourcecode.c.objc; path = XRAddressListViewController.m; sourceTree = "<group>"; };
		BDAD88301E0C15EF00A5257D /* XRAddressEntity.h */ = {isa = PBXFileReference; fileEncoding = 4; lastKnownFileType = sourcecode.c.h; path = XRAddressEntity.h; sourceTree = "<group>"; };
		BDAD88311E0C15EF00A5257D /* XRAddressEntity.m */ = {isa = PBXFileReference; fileEncoding = 4; lastKnownFileType = sourcecode.c.objc; path = XRAddressEntity.m; sourceTree = "<group>"; };
		BDAD88331E0C18B300A5257D /* XRAddressService.h */ = {isa = PBXFileReference; fileEncoding = 4; lastKnownFileType = sourcecode.c.h; path = XRAddressService.h; sourceTree = "<group>"; };
		BDAD88341E0C18B300A5257D /* XRAddressService.m */ = {isa = PBXFileReference; fileEncoding = 4; lastKnownFileType = sourcecode.c.objc; path = XRAddressService.m; sourceTree = "<group>"; };
		BDB1AD1F1BC2121B009BB273 /* XRMyViewController.h */ = {isa = PBXFileReference; fileEncoding = 4; lastKnownFileType = sourcecode.c.h; path = XRMyViewController.h; sourceTree = "<group>"; };
		BDB1AD201BC2121B009BB273 /* XRMyViewController.m */ = {isa = PBXFileReference; fileEncoding = 4; lastKnownFileType = sourcecode.c.objc; path = XRMyViewController.m; sourceTree = "<group>"; };
		BDB1AD241BC2131E009BB273 /* XRMyProfileCell.h */ = {isa = PBXFileReference; fileEncoding = 4; lastKnownFileType = sourcecode.c.h; path = XRMyProfileCell.h; sourceTree = "<group>"; };
		BDB1AD251BC2131E009BB273 /* XRMyProfileCell.m */ = {isa = PBXFileReference; fileEncoding = 4; lastKnownFileType = sourcecode.c.objc; path = XRMyProfileCell.m; sourceTree = "<group>"; };
		BDB1AD2C1BC2654E009BB273 /* XRUserService.h */ = {isa = PBXFileReference; fileEncoding = 4; lastKnownFileType = sourcecode.c.h; path = XRUserService.h; sourceTree = "<group>"; };
		BDB1AD2D1BC2654E009BB273 /* XRUserService.m */ = {isa = PBXFileReference; fileEncoding = 4; lastKnownFileType = sourcecode.c.objc; path = XRUserService.m; sourceTree = "<group>"; };
		BDB847351BEF3D6300561D62 /* XRMockTool.h */ = {isa = PBXFileReference; fileEncoding = 4; lastKnownFileType = sourcecode.c.h; path = XRMockTool.h; sourceTree = "<group>"; };
		BDB847361BEF3D6300561D62 /* XRMockTool.m */ = {isa = PBXFileReference; fileEncoding = 4; lastKnownFileType = sourcecode.c.objc; path = XRMockTool.m; sourceTree = "<group>"; };
		BDBDB7CF1AD967A800977A37 /* XRBookListItemEntity.h */ = {isa = PBXFileReference; fileEncoding = 4; lastKnownFileType = sourcecode.c.h; path = XRBookListItemEntity.h; sourceTree = "<group>"; };
		BDBDB7D01AD967A800977A37 /* XRBookListItemEntity.m */ = {isa = PBXFileReference; fileEncoding = 4; lastKnownFileType = sourcecode.c.objc; path = XRBookListItemEntity.m; sourceTree = "<group>"; };
		BDBDB7D21AD97FFA00977A37 /* XRBookListEntity.h */ = {isa = PBXFileReference; fileEncoding = 4; lastKnownFileType = sourcecode.c.h; path = XRBookListEntity.h; sourceTree = "<group>"; };
		BDBDB7D31AD97FFA00977A37 /* XRBookListEntity.m */ = {isa = PBXFileReference; fileEncoding = 4; lastKnownFileType = sourcecode.c.objc; path = XRBookListEntity.m; sourceTree = "<group>"; };
		BDBDB7D51ADA254600977A37 /* XRInterfaceTest.m */ = {isa = PBXFileReference; fileEncoding = 4; lastKnownFileType = sourcecode.c.objc; path = XRInterfaceTest.m; sourceTree = "<group>"; };
		BDC7B8E11BB6D3EB00687B68 /* UIButton+XRButton.h */ = {isa = PBXFileReference; fileEncoding = 4; lastKnownFileType = sourcecode.c.h; name = "UIButton+XRButton.h"; path = "Control/UIButton+XRButton.h"; sourceTree = "<group>"; };
		BDC7B8E21BB6D3EB00687B68 /* UIButton+XRButton.m */ = {isa = PBXFileReference; fileEncoding = 4; lastKnownFileType = sourcecode.c.objc; name = "UIButton+XRButton.m"; path = "Control/UIButton+XRButton.m"; sourceTree = "<group>"; };
		BDC7B8EF1BBA747400687B68 /* XREditBookInfoViewController.h */ = {isa = PBXFileReference; fileEncoding = 4; lastKnownFileType = sourcecode.c.h; path = XREditBookInfoViewController.h; sourceTree = "<group>"; };
		BDC7B8F01BBA747400687B68 /* XREditBookInfoViewController.m */ = {isa = PBXFileReference; fileEncoding = 4; lastKnownFileType = sourcecode.c.objc; path = XREditBookInfoViewController.m; sourceTree = "<group>"; };
		BDE0063A1B162A2B00FBC8DB /* XRDonateViewController.h */ = {isa = PBXFileReference; fileEncoding = 4; lastKnownFileType = sourcecode.c.h; path = XRDonateViewController.h; sourceTree = "<group>"; };
		BDE0063B1B162A2B00FBC8DB /* XRDonateViewController.m */ = {isa = PBXFileReference; fileEncoding = 4; lastKnownFileType = sourcecode.c.objc; path = XRDonateViewController.m; sourceTree = "<group>"; };
		BDE1B5C01B739A220077310D /* XRReturnBookResultViewController.h */ = {isa = PBXFileReference; fileEncoding = 4; lastKnownFileType = sourcecode.c.h; path = XRReturnBookResultViewController.h; sourceTree = "<group>"; };
		BDE1B5C11B739A220077310D /* XRReturnBookResultViewController.m */ = {isa = PBXFileReference; fileEncoding = 4; lastKnownFileType = sourcecode.c.objc; path = XRReturnBookResultViewController.m; sourceTree = "<group>"; };
		BDE691EF1AD4173C00F5E5AB /* XRLoginService.h */ = {isa = PBXFileReference; fileEncoding = 4; lastKnownFileType = sourcecode.c.h; path = XRLoginService.h; sourceTree = "<group>"; };
		BDE691F01AD4173C00F5E5AB /* XRLoginService.m */ = {isa = PBXFileReference; fileEncoding = 4; lastKnownFileType = sourcecode.c.objc; path = XRLoginService.m; sourceTree = "<group>"; };
		BDE691F41AD4A9FF00F5E5AB /* XRUser.h */ = {isa = PBXFileReference; fileEncoding = 4; lastKnownFileType = sourcecode.c.h; path = XRUser.h; sourceTree = "<group>"; };
		BDE691F51AD4A9FF00F5E5AB /* XRUser.m */ = {isa = PBXFileReference; fileEncoding = 4; lastKnownFileType = sourcecode.c.objc; path = XRUser.m; sourceTree = "<group>"; };
		BDE691F81AD4B12A00F5E5AB /* XRNetwork.h */ = {isa = PBXFileReference; fileEncoding = 4; lastKnownFileType = sourcecode.c.h; path = XRNetwork.h; sourceTree = "<group>"; };
		BDE691F91AD4B12A00F5E5AB /* XRNetwork.m */ = {isa = PBXFileReference; fileEncoding = 4; lastKnownFileType = sourcecode.c.objc; path = XRNetwork.m; sourceTree = "<group>"; };
		BDE691FB1AD8F65400F5E5AB /* XRLoginBiz.h */ = {isa = PBXFileReference; fileEncoding = 4; lastKnownFileType = sourcecode.c.h; path = XRLoginBiz.h; sourceTree = "<group>"; };
		BDE691FC1AD8F65400F5E5AB /* XRLoginBiz.m */ = {isa = PBXFileReference; fileEncoding = 4; lastKnownFileType = sourcecode.c.objc; path = XRLoginBiz.m; sourceTree = "<group>"; };
		BDE692011AD8FFA900F5E5AB /* XRTabbarController.h */ = {isa = PBXFileReference; fileEncoding = 4; lastKnownFileType = sourcecode.c.h; path = XRTabbarController.h; sourceTree = "<group>"; };
		BDE692021AD8FFA900F5E5AB /* XRTabbarController.m */ = {isa = PBXFileReference; fileEncoding = 4; lastKnownFileType = sourcecode.c.objc; path = XRTabbarController.m; sourceTree = "<group>"; };
		BDE692071AD907E700F5E5AB /* XRHomeViewController.h */ = {isa = PBXFileReference; fileEncoding = 4; lastKnownFileType = sourcecode.c.h; path = XRHomeViewController.h; sourceTree = "<group>"; };
		BDE692081AD907E700F5E5AB /* XRHomeViewController.m */ = {isa = PBXFileReference; fileEncoding = 4; lastKnownFileType = sourcecode.c.objc; path = XRHomeViewController.m; sourceTree = "<group>"; };
		BDE6920A1AD92B6B00F5E5AB /* XREntity.h */ = {isa = PBXFileReference; fileEncoding = 4; lastKnownFileType = sourcecode.c.h; path = XREntity.h; sourceTree = "<group>"; };
		BDE6920B1AD92B6B00F5E5AB /* XREntity.m */ = {isa = PBXFileReference; fileEncoding = 4; lastKnownFileType = sourcecode.c.objc; path = XREntity.m; sourceTree = "<group>"; };
		BDE6920D1AD92B8500F5E5AB /* XRBookEntity.h */ = {isa = PBXFileReference; fileEncoding = 4; lastKnownFileType = sourcecode.c.h; path = XRBookEntity.h; sourceTree = "<group>"; };
		BDE6920E1AD92B8500F5E5AB /* XRBookEntity.m */ = {isa = PBXFileReference; fileEncoding = 4; lastKnownFileType = sourcecode.c.objc; path = XRBookEntity.m; sourceTree = "<group>"; };
		BDE692131AD953E400F5E5AB /* XRBookService.h */ = {isa = PBXFileReference; fileEncoding = 4; lastKnownFileType = sourcecode.c.h; path = XRBookService.h; sourceTree = "<group>"; };
		BDE692141AD953E400F5E5AB /* XRBookService.m */ = {isa = PBXFileReference; fileEncoding = 4; lastKnownFileType = sourcecode.c.objc; path = XRBookService.m; sourceTree = "<group>"; };
		BDE692161AD963DF00F5E5AB /* XRSearchBiz.h */ = {isa = PBXFileReference; fileEncoding = 4; lastKnownFileType = sourcecode.c.h; path = XRSearchBiz.h; sourceTree = "<group>"; };
		BDE692171AD963DF00F5E5AB /* XRSearchBiz.m */ = {isa = PBXFileReference; fileEncoding = 4; lastKnownFileType = sourcecode.c.objc; path = XRSearchBiz.m; sourceTree = "<group>"; };
		BDEB8D0A1BB69EEF0072EB6C /* XRQRViewController+ExtraFunction.h */ = {isa = PBXFileReference; fileEncoding = 4; lastKnownFileType = sourcecode.c.h; path = "XRQRViewController+ExtraFunction.h"; sourceTree = "<group>"; };
		BDEB8D0B1BB69EEF0072EB6C /* XRQRViewController+ExtraFunction.m */ = {isa = PBXFileReference; fileEncoding = 4; lastKnownFileType = sourcecode.c.objc; path = "XRQRViewController+ExtraFunction.m"; sourceTree = "<group>"; };
		BDF003D51C060C2300D5AE7D /* XRPointExchangeCell.h */ = {isa = PBXFileReference; fileEncoding = 4; lastKnownFileType = sourcecode.c.h; path = XRPointExchangeCell.h; sourceTree = "<group>"; };
		BDF003D61C060C2300D5AE7D /* XRPointExchangeCell.m */ = {isa = PBXFileReference; fileEncoding = 4; lastKnownFileType = sourcecode.c.objc; path = XRPointExchangeCell.m; sourceTree = "<group>"; };
		BDF003D81C060C3800D5AE7D /* XRMemberPointViewController.h */ = {isa = PBXFileReference; fileEncoding = 4; lastKnownFileType = sourcecode.c.h; path = XRMemberPointViewController.h; sourceTree = "<group>"; };
		BDF003D91C060C3800D5AE7D /* XRMemberPointViewController.m */ = {isa = PBXFileReference; fileEncoding = 4; lastKnownFileType = sourcecode.c.objc; path = XRMemberPointViewController.m; sourceTree = "<group>"; };
		BDF1E7C71BDCCDD0004730B7 /* BookCollectionView.xib */ = {isa = PBXFileReference; fileEncoding = 4; lastKnownFileType = file.xib; path = BookCollectionView.xib; sourceTree = "<group>"; };
		BDFB0ABC1AFA58F800F2C738 /* XRBookDetailBaseViewController.h */ = {isa = PBXFileReference; fileEncoding = 4; lastKnownFileType = sourcecode.c.h; path = XRBookDetailBaseViewController.h; sourceTree = "<group>"; };
		BDFB0ABD1AFA58F800F2C738 /* XRBookDetailBaseViewController.m */ = {isa = PBXFileReference; fileEncoding = 4; lastKnownFileType = sourcecode.c.objc; path = XRBookDetailBaseViewController.m; sourceTree = "<group>"; };
		BDFB0ABF1AFA595300F2C738 /* XRBookDetailBiz.h */ = {isa = PBXFileReference; fileEncoding = 4; lastKnownFileType = sourcecode.c.h; path = XRBookDetailBiz.h; sourceTree = "<group>"; };
		BDFB0AC01AFA595300F2C738 /* XRBookDetailBiz.m */ = {isa = PBXFileReference; fileEncoding = 4; lastKnownFileType = sourcecode.c.objc; path = XRBookDetailBiz.m; sourceTree = "<group>"; };
		D3A7825FC0CCCB556B087379 /* libPods-XinranReadingGroup.a */ = {isa = PBXFileReference; explicitFileType = archive.ar; includeInIndex = 0; path = "libPods-XinranReadingGroup.a"; sourceTree = BUILT_PRODUCTS_DIR; };
		F41BA72A99A70302AD384C7A /* Pods-XinranReadingGroup.debug.xcconfig */ = {isa = PBXFileReference; includeInIndex = 1; lastKnownFileType = text.xcconfig; name = "Pods-XinranReadingGroup.debug.xcconfig"; path = "Pods/Target Support Files/Pods-XinranReadingGroup/Pods-XinranReadingGroup.debug.xcconfig"; sourceTree = "<group>"; };
/* End PBXFileReference section */

/* Begin PBXFrameworksBuildPhase section */
		BD1AD3BE1A98398F009CD8EF /* Frameworks */ = {
			isa = PBXFrameworksBuildPhase;
			buildActionMask = 2147483647;
			files = (
				09060F8B1B088CE9003C69EF /* AVFoundation.framework in Frameworks */,
				BD1D64051AE006D200CCE363 /* libUMSocial_Sdk_4.2.2.a in Frameworks */,
				7891585EFE832474BD8026FB /* libPods-XinranReadingGroup.a in Frameworks */,
			);
			runOnlyForDeploymentPostprocessing = 0;
		};
		BD1AD3DA1A98398F009CD8EF /* Frameworks */ = {
			isa = PBXFrameworksBuildPhase;
			buildActionMask = 2147483647;
			files = (
			);
			runOnlyForDeploymentPostprocessing = 0;
		};
/* End PBXFrameworksBuildPhase section */

/* Begin PBXGroup section */
		09DC13271AD39B7100CE8277 /* Home */ = {
			isa = PBXGroup;
			children = (
				BD8DFE1A1AE3A766003FAF06 /* Views */,
				BDE692121AD953CF00F5E5AB /* Network */,
				BDE692111AD953BB00F5E5AB /* Biz */,
				BDE692101AD953B200F5E5AB /* Controllers */,
			);
			path = Home;
			sourceTree = "<group>";
		};
		09DC13281AD39B7100CE8277 /* Login */ = {
			isa = PBXGroup;
			children = (
				BDE691EE1AD4172D00F5E5AB /* Service */,
				BDE691ED1AD4172100F5E5AB /* Biz */,
				BDE691EC1AD4170A00F5E5AB /* ViewController */,
			);
			path = Login;
			sourceTree = "<group>";
		};
		09DC132E1AD39BB500CE8277 /* Storyboard */ = {
			isa = PBXGroup;
			children = (
				09DC132F1AD39BB500CE8277 /* LaunchScreen.xib */,
				09DC13301AD39BB500CE8277 /* Main.storyboard */,
			);
			path = Storyboard;
			sourceTree = "<group>";
		};
		09DC13331AD39D7700CE8277 /* Supporting Files */ = {
			isa = PBXGroup;
			children = (
				09DC13341AD39D7700CE8277 /* AppDelegate.h */,
				09DC13351AD39D7700CE8277 /* AppDelegate.m */,
				09DC13361AD39D7700CE8277 /* Info.plist */,
				09DC13371AD39D7700CE8277 /* main.m */,
				72349D99E2FD9E76AEC99DF6 /* AppDelegate+XRSetup.m */,
				723497B2F055A1969277936A /* AppDelegate+XRSetup.h */,
				BD4069471C14216A0090E322 /* XinranReadingGroup.pch */,
			);
			path = "Supporting Files";
			sourceTree = "<group>";
		};
		09DC13441AD39FBA00CE8277 /* Tabbar */ = {
			isa = PBXGroup;
			children = (
				BDE692011AD8FFA900F5E5AB /* XRTabbarController.h */,
				BDE692021AD8FFA900F5E5AB /* XRTabbarController.m */,
			);
			path = Tabbar;
			sourceTree = "<group>";
		};
		7A6AAC1FE59086D8F8088ECA /* Frameworks */ = {
			isa = PBXGroup;
			children = (
				09060F8A1B088CE9003C69EF /* AVFoundation.framework */,
				D3A7825FC0CCCB556B087379 /* libPods-XinranReadingGroup.a */,
			);
			name = Frameworks;
			sourceTree = "<group>";
		};
		BD1AD3B81A98398F009CD8EF = {
			isa = PBXGroup;
			children = (
				BD1AD3C31A98398F009CD8EF /* XinranReadingGroup */,
				BD1AD3E01A98398F009CD8EF /* XinranReadingGroupTests */,
				BD1AD3C21A98398F009CD8EF /* Products */,
				7A6AAC1FE59086D8F8088ECA /* Frameworks */,
				C19E120D9BF3CA1CDD7A8D68 /* Pods */,
			);
			sourceTree = "<group>";
		};
		BD1AD3C21A98398F009CD8EF /* Products */ = {
			isa = PBXGroup;
			children = (
				BD1AD3C11A98398F009CD8EF /* XinranReadingGroup.app */,
				BD1AD3DD1A98398F009CD8EF /* XinranReadingGroupTests.xctest */,
			);
			name = Products;
			sourceTree = "<group>";
		};
		BD1AD3C31A98398F009CD8EF /* XinranReadingGroup */ = {
			isa = PBXGroup;
			children = (
				09DC13441AD39FBA00CE8277 /* Tabbar */,
				09DC13271AD39B7100CE8277 /* Home */,
				BDB1AD1E1BC2121B009BB273 /* My */,
				BD1D63E31ADFFF8100CCE363 /* More */,
				09DC13281AD39B7100CE8277 /* Login */,
				BDE691F21AD4A99A00F5E5AB /* Common */,
				09DC132E1AD39BB500CE8277 /* Storyboard */,
				BD1D63E81AE006D200CCE363 /* Framework */,
				09DC13331AD39D7700CE8277 /* Supporting Files */,
				BD1AD3D41A98398F009CD8EF /* Images.xcassets */,
			);
			path = XinranReadingGroup;
			sourceTree = "<group>";
		};
		BD1AD3E01A98398F009CD8EF /* XinranReadingGroupTests */ = {
			isa = PBXGroup;
			children = (
				BDBDB7D51ADA254600977A37 /* XRInterfaceTest.m */,
				BD1AD3E31A98398F009CD8EF /* XinranReadingGroupTests.m */,
				BD1AD3E11A98398F009CD8EF /* Supporting Files */,
			);
			path = XinranReadingGroupTests;
			sourceTree = "<group>";
		};
		BD1AD3E11A98398F009CD8EF /* Supporting Files */ = {
			isa = PBXGroup;
			children = (
				BD1AD3E21A98398F009CD8EF /* Info.plist */,
			);
			name = "Supporting Files";
			sourceTree = "<group>";
		};
		BD1D63E31ADFFF8100CCE363 /* More */ = {
			isa = PBXGroup;
			children = (
				BD8DFE101AE00E36003FAF06 /* ViewController */,
				BD1D63E71ADFFF8900CCE363 /* Biz */,
			);
			path = More;
			sourceTree = "<group>";
		};
		BD1D63E71ADFFF8900CCE363 /* Biz */ = {
			isa = PBXGroup;
			children = (
				BD1D63E41ADFFF8100CCE363 /* XRShareAssistant.h */,
				BD1D63E51ADFFF8100CCE363 /* XRShareAssistant.m */,
			);
			name = Biz;
			sourceTree = "<group>";
		};
		BD1D63E81AE006D200CCE363 /* Framework */ = {
			isa = PBXGroup;
			children = (
				BD1D63E91AE006D200CCE363 /* UMSocial_Sdk_4.2.2 */,
			);
			path = Framework;
			sourceTree = "<group>";
		};
		BD1D63E91AE006D200CCE363 /* UMSocial_Sdk_4.2.2 */ = {
			isa = PBXGroup;
			children = (
				BD1D63EA1AE006D200CCE363 /* UMSocialLocalizable.strings */,
				BD1D63EC1AE006D200CCE363 /* Header */,
				BD1D63F81AE006D200CCE363 /* libUMSocial_Sdk_4.2.2.a */,
				BD1D63F91AE006D200CCE363 /* SocialSDKXib */,
				BD1D64021AE006D200CCE363 /* UMSocialSDKResourcesNew.bundle */,
			);
			path = UMSocial_Sdk_4.2.2;
			sourceTree = "<group>";
		};
		BD1D63EC1AE006D200CCE363 /* Header */ = {
			isa = PBXGroup;
			children = (
				BD1D63ED1AE006D200CCE363 /* UMSocial.h */,
				BD1D63EE1AE006D200CCE363 /* UMSocialAccountManager.h */,
				BD1D63EF1AE006D200CCE363 /* UMSocialBar.h */,
				BD1D63F01AE006D200CCE363 /* UMSocialConfig.h */,
				BD1D63F11AE006D200CCE363 /* UMSocialControllerService.h */,
				BD1D63F21AE006D200CCE363 /* UMSocialControllerServiceComment.h */,
				BD1D63F31AE006D200CCE363 /* UMSocialData.h */,
				BD1D63F41AE006D200CCE363 /* UMSocialDataService.h */,
				BD1D63F51AE006D200CCE363 /* UMSocialSnsData.h */,
				BD1D63F61AE006D200CCE363 /* UMSocialSnsPlatformManager.h */,
				BD1D63F71AE006D200CCE363 /* UMSocialSnsService.h */,
			);
			path = Header;
			sourceTree = "<group>";
		};
		BD1D63F91AE006D200CCE363 /* SocialSDKXib */ = {
			isa = PBXGroup;
			children = (
				BD1D63FA1AE006D200CCE363 /* UMSCommentDetailController.xib */,
				BD1D63FB1AE006D200CCE363 /* UMSCommentInputController.xib */,
				BD1D63FC1AE006D200CCE363 /* UMSCommentInputControlleriPad.xib */,
				BD1D63FD1AE006D200CCE363 /* UMShareEditViewController.xib */,
				BD1D63FE1AE006D200CCE363 /* UMShareEditViewControlleriPad.xib */,
				BD1D63FF1AE006D200CCE363 /* UMSLoginViewController.xib */,
				BD1D64001AE006D200CCE363 /* UMSnsAccountViewController.xib */,
				BD1D64011AE006D200CCE363 /* UMSShareListController.xib */,
			);
			path = SocialSDKXib;
			sourceTree = "<group>";
		};
		BD8DFE101AE00E36003FAF06 /* ViewController */ = {
			isa = PBXGroup;
			children = (
				BD8DFE111AE00E60003FAF06 /* XRMoreTableViewController.h */,
				BD8DFE121AE00E60003FAF06 /* XRMoreTableViewController.m */,
				9879A6CF1DEB2E3700645583 /* XRFeedbackViewController.h */,
				9879A6D01DEB2E3700645583 /* XRFeedbackViewController.m */,
				9879A6D11DEB2E3700645583 /* XRFeedbackViewController.xib */,
				BDA023611DEDC19100549DD3 /* XRAboutViewController.h */,
				BDA023621DEDC19100549DD3 /* XRAboutViewController.m */,
			);
			name = ViewController;
			sourceTree = "<group>";
		};
		BD8DFE1A1AE3A766003FAF06 /* Views */ = {
			isa = PBXGroup;
			children = (
				BD2810BD1AE3AB6C006D551B /* XRSearchListCell.h */,
				BD2810BE1AE3AB6C006D551B /* XRSearchListCell.m */,
				BD8E393B1B0226BD00AF1CFD /* XRBookDetailInfoCell.h */,
				BD8E393C1B0226BD00AF1CFD /* XRBookDetailInfoCell.m */,
				BD8E393E1B0226D700AF1CFD /* XRBookDetailContentCell.h */,
				BD8E393F1B0226D700AF1CFD /* XRBookDetailContentCell.m */,
				BD8E39411B0226E800AF1CFD /* XRBookDetailPublisherCell.h */,
				BD8E39421B0226E800AF1CFD /* XRBookDetailPublisherCell.m */,
				BD8E39441B0226FD00AF1CFD /* XRBookDetailDonatorCell.h */,
				BD8E39451B0226FD00AF1CFD /* XRBookDetailDonatorCell.m */,
				0988B4B51B0D9BC50004DFD8 /* XRBookInfoCell.xib */,
				0992FA6D1B0DFBF1009CD369 /* XRBookInfoCell.h */,
				0992FA6E1B0DFBF1009CD369 /* XRBookInfoCell.m */,
				BD72727A1C107A0B00509D4D /* XRBookDetailHeaderView.h */,
				BD72727B1C107A0B00509D4D /* XRBookDetailHeaderView.m */,
				BD72727D1C107A1800509D4D /* XRBookDetailHeaderView.xib */,
			);
			name = Views;
			sourceTree = "<group>";
		};
		BDB1AD1E1BC2121B009BB273 /* My */ = {
			isa = PBXGroup;
			children = (
				BDB1AD2B1BC26538009BB273 /* Network */,
				BDB1AD231BC2122D009BB273 /* Views */,
				BDB1AD221BC2121F009BB273 /* Controllers */,
			);
			path = My;
			sourceTree = "<group>";
		};
		BDB1AD221BC2121F009BB273 /* Controllers */ = {
			isa = PBXGroup;
			children = (
				BDB1AD1F1BC2121B009BB273 /* XRMyViewController.h */,
				BDB1AD201BC2121B009BB273 /* XRMyViewController.m */,
				98BAE6E91DA63F0300D8A3BB /* XRProfileViewController.h */,
				98BAE6EA1DA63F0300D8A3BB /* XRProfileViewController.m */,
				9879A6CA1DEA8F2A00645583 /* XRProfileEditViewController.h */,
				9879A6CB1DEA8F2A00645583 /* XRProfileEditViewController.m */,
				9879A6CC1DEA8F2A00645583 /* XRProfileEditViewController.xib */,
				BDA01DA01BD383B5004E6304 /* XRBookCollectionViewController.h */,
				BDA01DA11BD383B5004E6304 /* XRBookCollectionViewController.m */,
				BDA01DA31BD39295004E6304 /* XRDonateBookCollectionViewController.h */,
				BDA01DA41BD39295004E6304 /* XRDonateBookCollectionViewController.m */,
				BD0D91C81BF37C1D006E722B /* XRShareBookCollectionViewController.h */,
				BD0D91C91BF37C1D006E722B /* XRShareBookCollectionViewController.m */,
				BD10B3D11C0343DB00944045 /* XRBorrowRecordViewController.h */,
				BD10B3D21C0343DB00944045 /* XRBorrowRecordViewController.m */,
				BDF003D81C060C3800D5AE7D /* XRMemberPointViewController.h */,
				BDF003D91C060C3800D5AE7D /* XRMemberPointViewController.m */,
			);
			name = Controllers;
			sourceTree = "<group>";
		};
		BDB1AD231BC2122D009BB273 /* Views */ = {
			isa = PBXGroup;
			children = (
				BDB1AD241BC2131E009BB273 /* XRMyProfileCell.h */,
				BDB1AD251BC2131E009BB273 /* XRMyProfileCell.m */,
				BDA01D9D1BD369FA004E6304 /* XRBookCollectionViewCell.h */,
				BDA01D9E1BD369FA004E6304 /* XRBookCollectionViewCell.m */,
				BDF1E7C71BDCCDD0004730B7 /* BookCollectionView.xib */,
				BD10B3D41C03442700944045 /* XRBorrowRecordCell.h */,
				BD10B3D51C03442700944045 /* XRBorrowRecordCell.m */,
				BDF003D51C060C2300D5AE7D /* XRPointExchangeCell.h */,
				BDF003D61C060C2300D5AE7D /* XRPointExchangeCell.m */,
				98BAE6EC1DA6411900D8A3BB /* XRProfileDetailCell.h */,
				98BAE6ED1DA6411900D8A3BB /* XRProfileDetailCell.m */,
			);
			name = Views;
			sourceTree = "<group>";
		};
		BDB1AD2B1BC26538009BB273 /* Network */ = {
			isa = PBXGroup;
			children = (
				BDB1AD2C1BC2654E009BB273 /* XRUserService.h */,
				BDB1AD2D1BC2654E009BB273 /* XRUserService.m */,
			);
			name = Network;
			sourceTree = "<group>";
		};
		BDCD40A71BB6A397008BF736 /* Control */ = {
			isa = PBXGroup;
			children = (
				BDC7B8E11BB6D3EB00687B68 /* UIButton+XRButton.h */,
				BDC7B8E21BB6D3EB00687B68 /* UIButton+XRButton.m */,
			);
			name = Control;
			sourceTree = "<group>";
		};
		BDE691EC1AD4170A00F5E5AB /* ViewController */ = {
			isa = PBXGroup;
			children = (
				09DC133B1AD39E4100CE8277 /* XRLoginWelcomeViewController.h */,
				09DC133C1AD39E4100CE8277 /* XRLoginWelcomeViewController.m */,
				09DC133E1AD39F3600CE8277 /* XRLoginViewController.h */,
				09DC133F1AD39F3600CE8277 /* XRLoginViewController.m */,
				09DC13411AD39F4A00CE8277 /* XRRegisterViewController.h */,
				09DC13421AD39F4A00CE8277 /* XRRegisterViewController.m */,
			);
			name = ViewController;
			sourceTree = "<group>";
		};
		BDE691ED1AD4172100F5E5AB /* Biz */ = {
			isa = PBXGroup;
			children = (
				BDE691FB1AD8F65400F5E5AB /* XRLoginBiz.h */,
				BDE691FC1AD8F65400F5E5AB /* XRLoginBiz.m */,
			);
			name = Biz;
			sourceTree = "<group>";
		};
		BDE691EE1AD4172D00F5E5AB /* Service */ = {
			isa = PBXGroup;
			children = (
				BDE691EF1AD4173C00F5E5AB /* XRLoginService.h */,
				BDE691F01AD4173C00F5E5AB /* XRLoginService.m */,
			);
			name = Service;
			sourceTree = "<group>";
		};
		BDE691F21AD4A99A00F5E5AB /* Common */ = {
			isa = PBXGroup;
			children = (
				BDCD40A71BB6A397008BF736 /* Control */,
				BDE691F71AD4AB2B00F5E5AB /* Network */,
				BDE691F31AD4A99A00F5E5AB /* Model */,
				BD8DFE0D1AE00DE3003FAF06 /* XRSetupAssistant.h */,
				BD8DFE0E1AE00DE3003FAF06 /* XRSetupAssistant.m */,
				BD3B0EEC1BBB8495006C0A92 /* XRCommonDefine.h */,
				72349D7B0E9E480D7B52EFF4 /* XRTools.m */,
				7234961464069054EC01A046 /* XRTools.h */,
				72349E888B55E3230AF52AFA /* XRNetworkErrorAssistant.m */,
				72349446914F6F8E8E400166 /* XRNetworkErrorAssistant.h */,
			);
			path = Common;
			sourceTree = "<group>";
		};
		BDE691F31AD4A99A00F5E5AB /* Model */ = {
			isa = PBXGroup;
			children = (
				BDE691F41AD4A9FF00F5E5AB /* XRUser.h */,
				BDE691F51AD4A9FF00F5E5AB /* XRUser.m */,
				BDE6920A1AD92B6B00F5E5AB /* XREntity.h */,
				BDE6920B1AD92B6B00F5E5AB /* XREntity.m */,
				BDE6920D1AD92B8500F5E5AB /* XRBookEntity.h */,
				BDE6920E1AD92B8500F5E5AB /* XRBookEntity.m */,
				BDBDB7CF1AD967A800977A37 /* XRBookListItemEntity.h */,
				BDBDB7D01AD967A800977A37 /* XRBookListItemEntity.m */,
				BDBDB7D21AD97FFA00977A37 /* XRBookListEntity.h */,
				BDBDB7D31AD97FFA00977A37 /* XRBookListEntity.m */,
				0992FA701B0E0D41009CD369 /* XRBookRecordEntity.h */,
				0992FA711B0E0D41009CD369 /* XRBookRecordEntity.m */,
				72349577E7C2340F253B4DBB /* XRUserProfile.m */,
				72349907DBD119B6F701C713 /* XRUserProfile.h */,
				BD9506331C62440900A78864 /* XRBookOwnerEntity.h */,
				BD9506341C62440900A78864 /* XRBookOwnerEntity.m */,
			);
			path = Model;
			sourceTree = "<group>";
		};
		BDE691F71AD4AB2B00F5E5AB /* Network */ = {
			isa = PBXGroup;
			children = (
				BDE691F81AD4B12A00F5E5AB /* XRNetwork.h */,
				BDE691F91AD4B12A00F5E5AB /* XRNetwork.m */,
				723493823B37038BD12BD629 /* XRNetwork+Token.m */,
				723493C508AD77EF7F443977 /* XRNetwork+Token.h */,
				BDB847351BEF3D6300561D62 /* XRMockTool.h */,
				BDB847361BEF3D6300561D62 /* XRMockTool.m */,
			);
			path = Network;
			sourceTree = "<group>";
		};
		BDE692101AD953B200F5E5AB /* Controllers */ = {
			isa = PBXGroup;
			children = (
				BDE692071AD907E700F5E5AB /* XRHomeViewController.h */,
				BDE692081AD907E700F5E5AB /* XRHomeViewController.m */,
				BD8DFE171AE3A75E003FAF06 /* XRSearchViewController.h */,
				BD8DFE181AE3A75E003FAF06 /* XRSearchViewController.m */,
				BDFB0ABC1AFA58F800F2C738 /* XRBookDetailBaseViewController.h */,
				BDFB0ABD1AFA58F800F2C738 /* XRBookDetailBaseViewController.m */,
				09060F811B08725A003C69EF /* XRBorrowedBookDetaiViewController.h */,
				09060F821B08725A003C69EF /* XRBorrowedBookDetaiViewController.m */,
				09060F841B087782003C69EF /* XRSharedBookDetailController.h */,
				09060F851B087782003C69EF /* XRSharedBookDetailController.m */,
				09060F871B0887BF003C69EF /* XRQRViewController.h */,
				09060F881B0887BF003C69EF /* XRQRViewController.m */,
				09E39C921B089F8700A443AC /* XRBookQRViewController.h */,
				09E39C931B089F8700A443AC /* XRBookQRViewController.m */,
				09DAD4921B0AF903007F92D7 /* XRBorrowResultViewController.h */,
				09DAD4931B0AF903007F92D7 /* XRBorrowResultViewController.m */,
				0988B4B71B0D9BEC0004DFD8 /* XRResultBaseViewController.h */,
				0988B4B81B0D9BEC0004DFD8 /* XRResultBaseViewController.m */,
				BDE0063A1B162A2B00FBC8DB /* XRDonateViewController.h */,
				BDE0063B1B162A2B00FBC8DB /* XRDonateViewController.m */,
				9870E05E1DA24E29004F31EE /* XRDonateRelationViewController.h */,
				9870E05F1DA24E29004F31EE /* XRDonateRelationViewController.m */,
				BD41EBD21B16936E003A04BA /* XRDonateResultViewController.h */,
				BD41EBD31B16936E003A04BA /* XRDonateResultViewController.m */,
				BDE1B5C01B739A220077310D /* XRReturnBookResultViewController.h */,
				BDE1B5C11B739A220077310D /* XRReturnBookResultViewController.m */,
				BDEB8D0A1BB69EEF0072EB6C /* XRQRViewController+ExtraFunction.h */,
				BDEB8D0B1BB69EEF0072EB6C /* XRQRViewController+ExtraFunction.m */,
				BDC7B8EF1BBA747400687B68 /* XREditBookInfoViewController.h */,
				BDC7B8F01BBA747400687B68 /* XREditBookInfoViewController.m */,
				BD7AD97E1BC103210083C59F /* XRShareResultViewController.h */,
				BD7AD97F1BC103210083C59F /* XRShareResultViewController.m */,
				BD7AD9811BC14A270083C59F /* XRBorrowBookQRViewController.h */,
				BD7AD9821BC14A270083C59F /* XRBorrowBookQRViewController.m */,
				BD7AD9841BC150720083C59F /* XRReturnBookQRViewController.h */,
				BD7AD9851BC150720083C59F /* XRReturnBookQRViewController.m */,
				BDAD882D1E0C064900A5257D /* XRAddressListViewController.h */,
				BDAD882E1E0C064900A5257D /* XRAddressListViewController.m */,
			);
			name = Controllers;
			sourceTree = "<group>";
		};
		BDE692111AD953BB00F5E5AB /* Biz */ = {
			isa = PBXGroup;
			children = (
				BDE692161AD963DF00F5E5AB /* XRSearchBiz.h */,
				BDE692171AD963DF00F5E5AB /* XRSearchBiz.m */,
				BDFB0ABF1AFA595300F2C738 /* XRBookDetailBiz.h */,
				BDFB0AC01AFA595300F2C738 /* XRBookDetailBiz.m */,
				0992FA731B0E1119009CD369 /* XRBookDetailEntity.h */,
				0992FA741B0E1119009CD369 /* XRBookDetailEntity.m */,
				BDAD88301E0C15EF00A5257D /* XRAddressEntity.h */,
				BDAD88311E0C15EF00A5257D /* XRAddressEntity.m */,
			);
			name = Biz;
			sourceTree = "<group>";
		};
		BDE692121AD953CF00F5E5AB /* Network */ = {
			isa = PBXGroup;
			children = (
				BDE692131AD953E400F5E5AB /* XRBookService.h */,
				BDE692141AD953E400F5E5AB /* XRBookService.m */,
				BDAD88331E0C18B300A5257D /* XRAddressService.h */,
				BDAD88341E0C18B300A5257D /* XRAddressService.m */,
			);
			name = Network;
			sourceTree = "<group>";
		};
		C19E120D9BF3CA1CDD7A8D68 /* Pods */ = {
			isa = PBXGroup;
			children = (
				F41BA72A99A70302AD384C7A /* Pods-XinranReadingGroup.debug.xcconfig */,
				7CD61AF8E93BF66FB8CCC5E1 /* Pods-XinranReadingGroup.release.xcconfig */,
			);
			name = Pods;
			sourceTree = "<group>";
		};
/* End PBXGroup section */

/* Begin PBXNativeTarget section */
		BD1AD3C01A98398F009CD8EF /* XinranReadingGroup */ = {
			isa = PBXNativeTarget;
			buildConfigurationList = BD1AD3E71A98398F009CD8EF /* Build configuration list for PBXNativeTarget "XinranReadingGroup" */;
			buildPhases = (
				D2DE6BFAEE9DF83F5967A78F /* [CP] Check Pods Manifest.lock */,
				BD1AD3BD1A98398F009CD8EF /* Sources */,
				BD1AD3BE1A98398F009CD8EF /* Frameworks */,
				BD1AD3BF1A98398F009CD8EF /* Resources */,
				BD91CF991C0760FC0033DEE4 /* ShellScript */,
				A5854DB7C1294FA421308946 /* [CP] Embed Pods Frameworks */,
				7972A720C418AF913610C2F5 /* [CP] Copy Pods Resources */,
			);
			buildRules = (
			);
			dependencies = (
			);
			name = XinranReadingGroup;
			productName = XinranReadingGroup;
			productReference = BD1AD3C11A98398F009CD8EF /* XinranReadingGroup.app */;
			productType = "com.apple.product-type.application";
		};
		BD1AD3DC1A98398F009CD8EF /* XinranReadingGroupTests */ = {
			isa = PBXNativeTarget;
			buildConfigurationList = BD1AD3EA1A98398F009CD8EF /* Build configuration list for PBXNativeTarget "XinranReadingGroupTests" */;
			buildPhases = (
				BD1AD3D91A98398F009CD8EF /* Sources */,
				BD1AD3DA1A98398F009CD8EF /* Frameworks */,
				BD1AD3DB1A98398F009CD8EF /* Resources */,
			);
			buildRules = (
			);
			dependencies = (
				BD1AD3DF1A98398F009CD8EF /* PBXTargetDependency */,
			);
			name = XinranReadingGroupTests;
			productName = XinranReadingGroupTests;
			productReference = BD1AD3DD1A98398F009CD8EF /* XinranReadingGroupTests.xctest */;
			productType = "com.apple.product-type.bundle.unit-test";
		};
/* End PBXNativeTarget section */

/* Begin PBXProject section */
		BD1AD3B91A98398F009CD8EF /* Project object */ = {
			isa = PBXProject;
			attributes = {
				CLASSPREFIX = XR;
				LastUpgradeCheck = 0610;
				ORGANIZATIONNAME = SnowWolf;
				TargetAttributes = {
					BD1AD3C01A98398F009CD8EF = {
						CreatedOnToolsVersion = 6.1;
						DevelopmentTeam = LMU58WLMLD;
					};
					BD1AD3DC1A98398F009CD8EF = {
						CreatedOnToolsVersion = 6.1;
						DevelopmentTeam = LMU58WLMLD;
						TestTargetID = BD1AD3C01A98398F009CD8EF;
					};
				};
			};
			buildConfigurationList = BD1AD3BC1A98398F009CD8EF /* Build configuration list for PBXProject "XinranReadingGroup" */;
			compatibilityVersion = "Xcode 3.2";
			developmentRegion = English;
			hasScannedForEncodings = 0;
			knownRegions = (
				en,
				Base,
				"zh-Hans",
			);
			mainGroup = BD1AD3B81A98398F009CD8EF;
			productRefGroup = BD1AD3C21A98398F009CD8EF /* Products */;
			projectDirPath = "";
			projectRoot = "";
			targets = (
				BD1AD3C01A98398F009CD8EF /* XinranReadingGroup */,
				BD1AD3DC1A98398F009CD8EF /* XinranReadingGroupTests */,
			);
		};
/* End PBXProject section */

/* Begin PBXResourcesBuildPhase section */
		BD1AD3BF1A98398F009CD8EF /* Resources */ = {
			isa = PBXResourcesBuildPhase;
			buildActionMask = 2147483647;
			files = (
				BD1D640A1AE006D300CCE363 /* UMShareEditViewControlleriPad.xib in Resources */,
				BD1D640C1AE006D300CCE363 /* UMSnsAccountViewController.xib in Resources */,
				BD1D64071AE006D300CCE363 /* UMSCommentInputController.xib in Resources */,
				BD1D64061AE006D300CCE363 /* UMSCommentDetailController.xib in Resources */,
				09DC13391AD39D7700CE8277 /* Info.plist in Resources */,
				9879A6D31DEB2E3700645583 /* XRFeedbackViewController.xib in Resources */,
				09DC13311AD39BB500CE8277 /* LaunchScreen.xib in Resources */,
				BD1D640E1AE006D300CCE363 /* UMSocialSDKResourcesNew.bundle in Resources */,
				BD1D64081AE006D300CCE363 /* UMSCommentInputControlleriPad.xib in Resources */,
				BD72727E1C107A1800509D4D /* XRBookDetailHeaderView.xib in Resources */,
				BD1D64091AE006D300CCE363 /* UMShareEditViewController.xib in Resources */,
				BDF1E7C81BDCCDD0004730B7 /* BookCollectionView.xib in Resources */,
				BD1D640D1AE006D300CCE363 /* UMSShareListController.xib in Resources */,
				0988B4B61B0D9BC50004DFD8 /* XRBookInfoCell.xib in Resources */,
				BD1D64041AE006D200CCE363 /* UMSocialLocalizable.strings in Resources */,
				9879A6CE1DEA8F2A00645583 /* XRProfileEditViewController.xib in Resources */,
				BD1AD3D51A98398F009CD8EF /* Images.xcassets in Resources */,
				09DC13321AD39BB500CE8277 /* Main.storyboard in Resources */,
				BD1D640B1AE006D300CCE363 /* UMSLoginViewController.xib in Resources */,
			);
			runOnlyForDeploymentPostprocessing = 0;
		};
		BD1AD3DB1A98398F009CD8EF /* Resources */ = {
			isa = PBXResourcesBuildPhase;
			buildActionMask = 2147483647;
			files = (
			);
			runOnlyForDeploymentPostprocessing = 0;
		};
/* End PBXResourcesBuildPhase section */

/* Begin PBXShellScriptBuildPhase section */
		7972A720C418AF913610C2F5 /* [CP] Copy Pods Resources */ = {
			isa = PBXShellScriptBuildPhase;
			buildActionMask = 2147483647;
			files = (
			);
			inputPaths = (
			);
			name = "[CP] Copy Pods Resources";
			outputPaths = (
			);
			runOnlyForDeploymentPostprocessing = 0;
			shellPath = /bin/sh;
			shellScript = "\"${SRCROOT}/Pods/Target Support Files/Pods-XinranReadingGroup/Pods-XinranReadingGroup-resources.sh\"\n";
			showEnvVarsInLog = 0;
		};
		A5854DB7C1294FA421308946 /* [CP] Embed Pods Frameworks */ = {
			isa = PBXShellScriptBuildPhase;
			buildActionMask = 2147483647;
			files = (
			);
			inputPaths = (
			);
			name = "[CP] Embed Pods Frameworks";
			outputPaths = (
			);
			runOnlyForDeploymentPostprocessing = 0;
			shellPath = /bin/sh;
			shellScript = "\"${SRCROOT}/Pods/Target Support Files/Pods-XinranReadingGroup/Pods-XinranReadingGroup-frameworks.sh\"\n";
			showEnvVarsInLog = 0;
		};
		BD91CF991C0760FC0033DEE4 /* ShellScript */ = {
			isa = PBXShellScriptBuildPhase;
			buildActionMask = 2147483647;
			files = (
			);
			inputPaths = (
			);
			outputPaths = (
			);
			runOnlyForDeploymentPostprocessing = 0;
			shellPath = /bin/bash;
			shellScript = "#!/bin/bash\nnow=date +\"%Y%m%d%H%M%S\"\necho \"now is $now\"\n\n#if [ $CONFIGURATION == Release ]; then\necho \"Bumping build number...\"\nplist=${PROJECT_DIR}/${INFOPLIST_FILE}\n\n#increment the build number (ie 115 to 116)\nbuildnum=$(/usr/libexec/PlistBuddy -c \"Print CFBundleVersion\" \"${plist}\")\n#if [[ \"${buildnum}\" == \"\" ]]; then\n#echo \"No build number in $plist\"\n#exit 2\n#fi\n\nbuildnum=$now\necho $buildnum\n/usr/libexec/Plistbuddy -c \"Set CFBundleVersion $buildnum\" \"${plist}\"\necho \"Bumped build number to $buildnum\"\n\n#else\n#echo $CONFIGURATION \" build - Not bumping build number.\"\n#fi\n";
		};
		D2DE6BFAEE9DF83F5967A78F /* [CP] Check Pods Manifest.lock */ = {
			isa = PBXShellScriptBuildPhase;
			buildActionMask = 2147483647;
			files = (
			);
			inputPaths = (
			);
			name = "[CP] Check Pods Manifest.lock";
			outputPaths = (
			);
			runOnlyForDeploymentPostprocessing = 0;
			shellPath = /bin/sh;
			shellScript = "diff \"${PODS_ROOT}/../Podfile.lock\" \"${PODS_ROOT}/Manifest.lock\" > /dev/null\nif [ $? != 0 ] ; then\n    # print error to STDERR\n    echo \"error: The sandbox is not in sync with the Podfile.lock. Run 'pod install' or update your CocoaPods installation.\" >&2\n    exit 1\nfi\n";
			showEnvVarsInLog = 0;
		};
/* End PBXShellScriptBuildPhase section */

/* Begin PBXSourcesBuildPhase section */
		BD1AD3BD1A98398F009CD8EF /* Sources */ = {
			isa = PBXSourcesBuildPhase;
			buildActionMask = 2147483647;
			files = (
				BD1D63E61ADFFF8100CCE363 /* XRShareAssistant.m in Sources */,
				9879A6D21DEB2E3700645583 /* XRFeedbackViewController.m in Sources */,
				BDAD88351E0C18B300A5257D /* XRAddressService.m in Sources */,
				BD9506351C62440900A78864 /* XRBookOwnerEntity.m in Sources */,
				0992FA721B0E0D41009CD369 /* XRBookRecordEntity.m in Sources */,
				BDE6920C1AD92B6B00F5E5AB /* XREntity.m in Sources */,
				BDE0063C1B162A2B00FBC8DB /* XRDonateViewController.m in Sources */,
				BD10B3D31C0343DB00944045 /* XRBorrowRecordViewController.m in Sources */,
				BDE691F61AD4A9FF00F5E5AB /* XRUser.m in Sources */,
				BD0D91CA1BF37C1D006E722B /* XRShareBookCollectionViewController.m in Sources */,
				BD8E39461B0226FD00AF1CFD /* XRBookDetailDonatorCell.m in Sources */,
				BDE6920F1AD92B8500F5E5AB /* XRBookEntity.m in Sources */,
				BDB847371BEF3D6300561D62 /* XRMockTool.m in Sources */,
				09DAD4941B0AF903007F92D7 /* XRBorrowResultViewController.m in Sources */,
				0992FA6F1B0DFBF1009CD369 /* XRBookInfoCell.m in Sources */,
				09060F831B08725A003C69EF /* XRBorrowedBookDetaiViewController.m in Sources */,
				98BAE6EB1DA63F0300D8A3BB /* XRProfileViewController.m in Sources */,
				BDE1B5C21B739A220077310D /* XRReturnBookResultViewController.m in Sources */,
				BDE692031AD8FFA900F5E5AB /* XRTabbarController.m in Sources */,
				09DC13401AD39F3600CE8277 /* XRLoginViewController.m in Sources */,
				BDA01D9F1BD369FA004E6304 /* XRBookCollectionViewCell.m in Sources */,
				BDE692091AD907E700F5E5AB /* XRHomeViewController.m in Sources */,
				BD2810BF1AE3AB6C006D551B /* XRSearchListCell.m in Sources */,
				BDF003D71C060C2300D5AE7D /* XRPointExchangeCell.m in Sources */,
				98BAE6EE1DA6411900D8A3BB /* XRProfileDetailCell.m in Sources */,
				BD7AD9801BC103210083C59F /* XRShareResultViewController.m in Sources */,
				BDE691FA1AD4B12A00F5E5AB /* XRNetwork.m in Sources */,
				09E39C941B089F8700A443AC /* XRBookQRViewController.m in Sources */,
				BDA023631DEDC19100549DD3 /* XRAboutViewController.m in Sources */,
				BDA01DA51BD39295004E6304 /* XRDonateBookCollectionViewController.m in Sources */,
				BD7AD9831BC14A270083C59F /* XRBorrowBookQRViewController.m in Sources */,
				BDFB0AC11AFA595300F2C738 /* XRBookDetailBiz.m in Sources */,
				BDB1AD2E1BC2654E009BB273 /* XRUserService.m in Sources */,
				0992FA751B0E1119009CD369 /* XRBookDetailEntity.m in Sources */,
				BDE691FD1AD8F65400F5E5AB /* XRLoginBiz.m in Sources */,
				BD7AD9861BC150720083C59F /* XRReturnBookQRViewController.m in Sources */,
				BD8E393D1B0226BD00AF1CFD /* XRBookDetailInfoCell.m in Sources */,
				BDC7B8E31BB6D3EB00687B68 /* UIButton+XRButton.m in Sources */,
				BDE692181AD963DF00F5E5AB /* XRSearchBiz.m in Sources */,
				BD8DFE131AE00E60003FAF06 /* XRMoreTableViewController.m in Sources */,
				BDB1AD261BC2131E009BB273 /* XRMyProfileCell.m in Sources */,
				BDA01DA21BD383B5004E6304 /* XRBookCollectionViewController.m in Sources */,
				09DC13431AD39F4A00CE8277 /* XRRegisterViewController.m in Sources */,
				BDBDB7D41AD97FFA00977A37 /* XRBookListEntity.m in Sources */,
				BDAD882F1E0C064900A5257D /* XRAddressListViewController.m in Sources */,
				09DC133A1AD39D7700CE8277 /* main.m in Sources */,
				BDFB0ABE1AFA58F800F2C738 /* XRBookDetailBaseViewController.m in Sources */,
				BD8DFE0F1AE00DE3003FAF06 /* XRSetupAssistant.m in Sources */,
				BDBDB7D11AD967A800977A37 /* XRBookListItemEntity.m in Sources */,
				0988B4B91B0D9BEC0004DFD8 /* XRResultBaseViewController.m in Sources */,
				BD10B3D61C03442700944045 /* XRBorrowRecordCell.m in Sources */,
				09060F891B0887BF003C69EF /* XRQRViewController.m in Sources */,
				BDE692151AD953E400F5E5AB /* XRBookService.m in Sources */,
				BD8DFE191AE3A75E003FAF06 /* XRSearchViewController.m in Sources */,
				BDE691F11AD4173C00F5E5AB /* XRLoginService.m in Sources */,
				09060F861B087782003C69EF /* XRSharedBookDetailController.m in Sources */,
				09DC133D1AD39E4100CE8277 /* XRLoginWelcomeViewController.m in Sources */,
				BDEB8D0C1BB69EEF0072EB6C /* XRQRViewController+ExtraFunction.m in Sources */,
				BDAD88321E0C15EF00A5257D /* XRAddressEntity.m in Sources */,
				BD8E39431B0226E800AF1CFD /* XRBookDetailPublisherCell.m in Sources */,
				BD41EBD41B16936E003A04BA /* XRDonateResultViewController.m in Sources */,
				9870E0601DA24E29004F31EE /* XRDonateRelationViewController.m in Sources */,
				09DC13381AD39D7700CE8277 /* AppDelegate.m in Sources */,
				BD8E39401B0226D700AF1CFD /* XRBookDetailContentCell.m in Sources */,
				BD72727C1C107A0B00509D4D /* XRBookDetailHeaderView.m in Sources */,
				723497AD33EC6F46277486D1 /* XRNetwork+Token.m in Sources */,
				BDF003DA1C060C3800D5AE7D /* XRMemberPointViewController.m in Sources */,
				BDB1AD211BC2121B009BB273 /* XRMyViewController.m in Sources */,
				9879A6CD1DEA8F2A00645583 /* XRProfileEditViewController.m in Sources */,
				BDC7B8F11BBA747400687B68 /* XREditBookInfoViewController.m in Sources */,
				72349AABBDE4A909A565D634 /* XRTools.m in Sources */,
				723490C7CD67731F0837F029 /* XRNetworkErrorAssistant.m in Sources */,
				7234919271CA1F3253A64FAE /* AppDelegate+XRSetup.m in Sources */,
				723491E59D0C39670D9238B0 /* XRUserProfile.m in Sources */,
			);
			runOnlyForDeploymentPostprocessing = 0;
		};
		BD1AD3D91A98398F009CD8EF /* Sources */ = {
			isa = PBXSourcesBuildPhase;
			buildActionMask = 2147483647;
			files = (
			);
			runOnlyForDeploymentPostprocessing = 0;
		};
/* End PBXSourcesBuildPhase section */

/* Begin PBXTargetDependency section */
		BD1AD3DF1A98398F009CD8EF /* PBXTargetDependency */ = {
			isa = PBXTargetDependency;
			target = BD1AD3C01A98398F009CD8EF /* XinranReadingGroup */;
			targetProxy = BD1AD3DE1A98398F009CD8EF /* PBXContainerItemProxy */;
		};
/* End PBXTargetDependency section */

/* Begin PBXVariantGroup section */
		BD1D63EA1AE006D200CCE363 /* UMSocialLocalizable.strings */ = {
			isa = PBXVariantGroup;
			children = (
				BD1D63EB1AE006D200CCE363 /* en */,
				BD1D64031AE006D200CCE363 /* zh-Hans */,
			);
			name = UMSocialLocalizable.strings;
			sourceTree = "<group>";
		};
/* End PBXVariantGroup section */

/* Begin XCBuildConfiguration section */
		BD1AD3E51A98398F009CD8EF /* Debug */ = {
			isa = XCBuildConfiguration;
			buildSettings = {
				ALWAYS_SEARCH_USER_PATHS = NO;
				CLANG_CXX_LANGUAGE_STANDARD = "gnu++0x";
				CLANG_CXX_LIBRARY = "libc++";
				CLANG_ENABLE_MODULES = YES;
				CLANG_ENABLE_OBJC_ARC = YES;
				CLANG_WARN_BOOL_CONVERSION = YES;
				CLANG_WARN_CONSTANT_CONVERSION = YES;
				CLANG_WARN_DIRECT_OBJC_ISA_USAGE = YES_ERROR;
				CLANG_WARN_EMPTY_BODY = YES;
				CLANG_WARN_ENUM_CONVERSION = YES;
				CLANG_WARN_INT_CONVERSION = YES;
				CLANG_WARN_OBJC_ROOT_CLASS = YES_ERROR;
				CLANG_WARN_UNREACHABLE_CODE = YES;
				CLANG_WARN__DUPLICATE_METHOD_MATCH = YES;
				"CODE_SIGN_IDENTITY[sdk=iphoneos*]" = "iPhone Developer";
				COPY_PHASE_STRIP = NO;
				ENABLE_STRICT_OBJC_MSGSEND = YES;
				GCC_C_LANGUAGE_STANDARD = gnu99;
				GCC_DYNAMIC_NO_PIC = NO;
				GCC_OPTIMIZATION_LEVEL = 0;
				GCC_PREPROCESSOR_DEFINITIONS = (
					"DEBUG=1",
					"$(inherited)",
				);
				GCC_SYMBOLS_PRIVATE_EXTERN = NO;
				GCC_WARN_64_TO_32_BIT_CONVERSION = YES;
				GCC_WARN_ABOUT_RETURN_TYPE = YES_ERROR;
				GCC_WARN_UNDECLARED_SELECTOR = YES;
				GCC_WARN_UNINITIALIZED_AUTOS = YES_AGGRESSIVE;
				GCC_WARN_UNUSED_FUNCTION = YES;
				GCC_WARN_UNUSED_VARIABLE = YES;
				IPHONEOS_DEPLOYMENT_TARGET = 8.1;
				MTL_ENABLE_DEBUG_INFO = YES;
				ONLY_ACTIVE_ARCH = YES;
				SDKROOT = iphoneos;
			};
			name = Debug;
		};
		BD1AD3E61A98398F009CD8EF /* Release */ = {
			isa = XCBuildConfiguration;
			buildSettings = {
				ALWAYS_SEARCH_USER_PATHS = NO;
				CLANG_CXX_LANGUAGE_STANDARD = "gnu++0x";
				CLANG_CXX_LIBRARY = "libc++";
				CLANG_ENABLE_MODULES = YES;
				CLANG_ENABLE_OBJC_ARC = YES;
				CLANG_WARN_BOOL_CONVERSION = YES;
				CLANG_WARN_CONSTANT_CONVERSION = YES;
				CLANG_WARN_DIRECT_OBJC_ISA_USAGE = YES_ERROR;
				CLANG_WARN_EMPTY_BODY = YES;
				CLANG_WARN_ENUM_CONVERSION = YES;
				CLANG_WARN_INT_CONVERSION = YES;
				CLANG_WARN_OBJC_ROOT_CLASS = YES_ERROR;
				CLANG_WARN_UNREACHABLE_CODE = YES;
				CLANG_WARN__DUPLICATE_METHOD_MATCH = YES;
				"CODE_SIGN_IDENTITY[sdk=iphoneos*]" = "iPhone Developer";
				COPY_PHASE_STRIP = YES;
				ENABLE_NS_ASSERTIONS = NO;
				ENABLE_STRICT_OBJC_MSGSEND = YES;
				GCC_C_LANGUAGE_STANDARD = gnu99;
				GCC_WARN_64_TO_32_BIT_CONVERSION = YES;
				GCC_WARN_ABOUT_RETURN_TYPE = YES_ERROR;
				GCC_WARN_UNDECLARED_SELECTOR = YES;
				GCC_WARN_UNINITIALIZED_AUTOS = YES_AGGRESSIVE;
				GCC_WARN_UNUSED_FUNCTION = YES;
				GCC_WARN_UNUSED_VARIABLE = YES;
				IPHONEOS_DEPLOYMENT_TARGET = 8.1;
				MTL_ENABLE_DEBUG_INFO = NO;
				SDKROOT = iphoneos;
				VALIDATE_PRODUCT = YES;
			};
			name = Release;
		};
		BD1AD3E81A98398F009CD8EF /* Debug */ = {
			isa = XCBuildConfiguration;
			baseConfigurationReference = F41BA72A99A70302AD384C7A /* Pods-XinranReadingGroup.debug.xcconfig */;
			buildSettings = {
				ASSETCATALOG_COMPILER_APPICON_NAME = AppIcon;
				CODE_SIGN_IDENTITY = "iPhone Developer";
				"CODE_SIGN_IDENTITY[sdk=iphoneos*]" = "iPhone Developer";
				DEVELOPMENT_TEAM = LMU58WLMLD;
				ENABLE_BITCODE = NO;
				GCC_PREFIX_HEADER = "XinranReadingGroup/Supporting Files/XinranReadingGroup.pch";
				INFOPLIST_FILE = "XinranReadingGroup/Supporting Files/Info.plist";
				IPHONEOS_DEPLOYMENT_TARGET = 8.0;
				LD_RUNPATH_SEARCH_PATHS = "$(inherited) @executable_path/Frameworks";
				LIBRARY_SEARCH_PATHS = (
					"$(inherited)",
					"$(PROJECT_DIR)/XinranReadingGroup/Framework/UMSocial_Sdk_4.2.2",
				);
				PRODUCT_BUNDLE_IDENTIFIER = com.xinrandushuba.ios.xiangyue;
				PRODUCT_NAME = "$(TARGET_NAME)";
				PROVISIONING_PROFILE = "";
				USER_HEADER_SEARCH_PATHS = "\"${PROJECT_DIR}/Pods\"/**";
			};
			name = Debug;
		};
		BD1AD3E91A98398F009CD8EF /* Release */ = {
			isa = XCBuildConfiguration;
			baseConfigurationReference = 7CD61AF8E93BF66FB8CCC5E1 /* Pods-XinranReadingGroup.release.xcconfig */;
			buildSettings = {
				ASSETCATALOG_COMPILER_APPICON_NAME = AppIcon;
				CODE_SIGN_IDENTITY = "iPhone Developer";
				"CODE_SIGN_IDENTITY[sdk=iphoneos*]" = "iPhone Developer";
				DEVELOPMENT_TEAM = LMU58WLMLD;
				ENABLE_BITCODE = NO;
				GCC_PREFIX_HEADER = "XinranReadingGroup/Supporting Files/XinranReadingGroup.pch";
				INFOPLIST_FILE = "XinranReadingGroup/Supporting Files/Info.plist";
				IPHONEOS_DEPLOYMENT_TARGET = 8.0;
				LD_RUNPATH_SEARCH_PATHS = "$(inherited) @executable_path/Frameworks";
				LIBRARY_SEARCH_PATHS = (
					"$(inherited)",
					"$(PROJECT_DIR)/XinranReadingGroup/Framework/UMSocial_Sdk_4.2.2",
				);
				PRODUCT_BUNDLE_IDENTIFIER = com.xinrandushuba.ios.xiangyue;
				PRODUCT_NAME = "$(TARGET_NAME)";
				PROVISIONING_PROFILE = "";
				USER_HEADER_SEARCH_PATHS = "\"${PROJECT_DIR}/Pods\"/**";
			};
			name = Release;
		};
		BD1AD3EB1A98398F009CD8EF /* Debug */ = {
			isa = XCBuildConfiguration;
			buildSettings = {
				BUNDLE_LOADER = "$(TEST_HOST)";
				DEVELOPMENT_TEAM = LMU58WLMLD;
				FRAMEWORK_SEARCH_PATHS = (
					"$(SDKROOT)/Developer/Library/Frameworks",
					"$(inherited)",
				);
				GCC_PREPROCESSOR_DEFINITIONS = (
					"DEBUG=1",
					"$(inherited)",
				);
				INFOPLIST_FILE = XinranReadingGroupTests/Info.plist;
				LD_RUNPATH_SEARCH_PATHS = "$(inherited) @executable_path/Frameworks @loader_path/Frameworks";
				PRODUCT_NAME = "$(TARGET_NAME)";
				TEST_HOST = "$(BUILT_PRODUCTS_DIR)/XinranReadingGroup.app/XinranReadingGroup";
			};
			name = Debug;
		};
		BD1AD3EC1A98398F009CD8EF /* Release */ = {
			isa = XCBuildConfiguration;
			buildSettings = {
				BUNDLE_LOADER = "$(TEST_HOST)";
				DEVELOPMENT_TEAM = LMU58WLMLD;
				FRAMEWORK_SEARCH_PATHS = (
					"$(SDKROOT)/Developer/Library/Frameworks",
					"$(inherited)",
				);
				INFOPLIST_FILE = XinranReadingGroupTests/Info.plist;
				LD_RUNPATH_SEARCH_PATHS = "$(inherited) @executable_path/Frameworks @loader_path/Frameworks";
				PRODUCT_NAME = "$(TARGET_NAME)";
				TEST_HOST = "$(BUILT_PRODUCTS_DIR)/XinranReadingGroup.app/XinranReadingGroup";
			};
			name = Release;
		};
/* End XCBuildConfiguration section */

/* Begin XCConfigurationList section */
		BD1AD3BC1A98398F009CD8EF /* Build configuration list for PBXProject "XinranReadingGroup" */ = {
			isa = XCConfigurationList;
			buildConfigurations = (
				BD1AD3E51A98398F009CD8EF /* Debug */,
				BD1AD3E61A98398F009CD8EF /* Release */,
			);
			defaultConfigurationIsVisible = 0;
			defaultConfigurationName = Release;
		};
		BD1AD3E71A98398F009CD8EF /* Build configuration list for PBXNativeTarget "XinranReadingGroup" */ = {
			isa = XCConfigurationList;
			buildConfigurations = (
				BD1AD3E81A98398F009CD8EF /* Debug */,
				BD1AD3E91A98398F009CD8EF /* Release */,
			);
			defaultConfigurationIsVisible = 0;
			defaultConfigurationName = Release;
		};
		BD1AD3EA1A98398F009CD8EF /* Build configuration list for PBXNativeTarget "XinranReadingGroupTests" */ = {
			isa = XCConfigurationList;
			buildConfigurations = (
				BD1AD3EB1A98398F009CD8EF /* Debug */,
				BD1AD3EC1A98398F009CD8EF /* Release */,
			);
			defaultConfigurationIsVisible = 0;
			defaultConfigurationName = Release;
		};
/* End XCConfigurationList section */
	};
	rootObject = BD1AD3B91A98398F009CD8EF /* Project object */;
}
