PODS:
  - AFNetworking (2.5.2):
    - AFNetworking/NSURLConnection (= 2.5.2)
    - AFNetworking/NSURLSession (= 2.5.2)
    - AFNetworking/Reachability (= 2.5.2)
    - AFNetworking/Security (= 2.5.2)
    - AFNetworking/Serialization (= 2.5.2)
    - AFNetworking/UIKit (= 2.5.2)
  - AFNetworking/NSURLConnection (2.5.2):
    - AFNetworking/Reachability
    - AFNetworking/Security
    - AFNetworking/Serialization
  - AFNetworking/NSURLSession (2.5.2):
    - AFNetworking/Reachability
    - AFNetworking/Security
    - AFNetworking/Serialization
  - AFNetworking/Reachability (2.5.2)
  - AFNetworking/Security (2.5.2)
  - AFNetworking/Serialization (2.5.2)
  - AFNetworking/UIKit (2.5.2):
    - AFNetworking/NSURLConnection
    - AFNetworking/NSURLSession
  - BlocksKit (2.2.5):
    - BlocksKit/All (= 2.2.5)
  - BlocksKit/All (2.2.5):
    - BlocksKit/Core
    - BlocksKit/DynamicDelegate
    - BlocksKit/MessageUI
    - BlocksKit/UIKit
  - BlocksKit/Core (2.2.5)
  - BlocksKit/DynamicDelegate (2.2.5)
  - BlocksKit/MessageUI (2.2.5):
    - BlocksKit/Core
    - BlocksKit/DynamicDelegate
  - BlocksKit/UIKit (2.2.5):
    - BlocksKit/Core
    - BlocksKit/DynamicDelegate
  - JSONModel (1.1.0)
  - MBProgressHUD (0.9.1)
  - SDWebImage (3.7.1):
    - SDWebImage/Core (= 3.7.1)
  - SDWebImage/Core (3.7.1)
  - SSKeychain (1.2.2)
  - ZYCoreFramework (1.0)

DEPENDENCIES:
  - AFNetworking (= 2.5.2)
  - BlocksKit (= 2.2.5)
  - JSONModel (~> 1.1.0)
  - MBProgressHUD (= 0.9.1)
  - SDWebImage (= 3.7.1)
  - SSKeychain (= 1.2.2)
  - ZYCoreFramework (from `~/Developer/Code/Mine/iOS/ZYCoreFramework`)

EXTERNAL SOURCES:
  ZYCoreFramework:
    :path: ~/Developer/Code/Mine/iOS/ZYCoreFramework

SPEC CHECKSUMS:
  AFNetworking: 55b0dfd26c221a39adc75f362243bb3001b12fce
  BlocksKit: 6943dac06ef5c352bd28d969aa053d68ac0ba5d6
  JSONModel: 0cc56a426bc6ef0cf2a822f334c5ffdac63885ad
  MBProgressHUD: e9e1057db5cc8161f83e798dc0764aa4fe320932
  SDWebImage: 0604aac31d15e03d79699dc05091e976f7b7d53d
  SSKeychain: 959805f5cd52ff9611b5d131ef9ab16b8baae731
  ZYCoreFramework: 680845b79d1e8b1339c95f261e63f95022828f04

COCOAPODS: 0.38.2
